PODS:
  - CocoaAsyncSocket (7.6.1)
  - XmlHero (1.2.0)

DEPENDENCIES:
  - CocoaAsyncSocket
  - XmlHero

SPEC CHECKSUMS:
  CocoaAsyncSocket: 7eadd3f59e1a6c84e2aefc93e9ff7b55156fe174
  XmlHero: 4a7b492b7189029748b6564e442cebcd4e3d8a6d

PODFILE CHECKSUM: 678600e43367cee22848c70af5bd35ab2b0ca775

COCOAPODS: 1.3.1
