// !$*UTF8*$!
{
	archiveVersion = 1;
	classes = {
	};
	objectVersion = 48;
	objects = {

/* Begin PBXBuildFile section */
		DA8B7DE31F578E7D004EEE23 /* LocalizableController.strings in Resources */ = {isa = PBXBuildFile; fileRef = DA8B7DD01F578E7C004EEE23 /* LocalizableController.strings */; };
		DA8B7DE41F578E7D004EEE23 /* LocalizableModel.strings in Resources */ = {isa = PBXBuildFile; fileRef = DA8B7DD21F578E7C004EEE23 /* LocalizableModel.strings */; };
		DA8B7DE51F578E7D004EEE23 /* LocalizableView.strings in Resources */ = {isa = PBXBuildFile; fileRef = DA8B7DD41F578E7C004EEE23 /* LocalizableView.strings */; };
/* End PBXBuildFile section */

/* Begin PBXFileReference section */
		DA27F70D1F5788E300CCDDDB /* velvetRoom.app */ = {isa = PBXFileReference; explicitFileType = wrapper.application; includeInIndex = 0; path = velvetRoom.app; sourceTree = BUILT_PRODUCTS_DIR; };
		DA8B7DCE1F578E7C004EEE23 /* LICENSE */ = {isa = PBXFileReference; fileEncoding = 4; lastKnownFileType = text; path = LICENSE; sourceTree = "<group>"; };
		DA8B7DD11F578E7C004EEE23 /* en */ = {isa = PBXFileReference; lastKnownFileType = text.plist.strings; name = en; path = en.lproj/LocalizableController.strings; sourceTree = "<group>"; };
		DA8B7DD31F578E7C004EEE23 /* en */ = {isa = PBXFileReference; lastKnownFileType = text.plist.strings; name = en; path = en.lproj/LocalizableModel.strings; sourceTree = "<group>"; };
		DA8B7DD51F578E7C004EEE23 /* en */ = {isa = PBXFileReference; lastKnownFileType = text.plist.strings; name = en; path = en.lproj/LocalizableView.strings; sourceTree = "<group>"; };
		DA8B7DE01F578E7C004EEE23 /* Info.plist */ = {isa = PBXFileReference; fileEncoding = 4; lastKnownFileType = text.plist.xml; path = Info.plist; sourceTree = "<group>"; };
		DA8B7DE11F578E7C004EEE23 /* README.md */ = {isa = PBXFileReference; fileEncoding = 4; lastKnownFileType = net.daringfireball.markdown; path = README.md; sourceTree = "<group>"; };
/* End PBXFileReference section */

/* Begin PBXFrameworksBuildPhase section */
		DA27F70A1F5788E300CCDDDB /* Frameworks */ = {
			isa = PBXFrameworksBuildPhase;
			buildActionMask = 2147483647;
			files = (
			);
			runOnlyForDeploymentPostprocessing = 0;
		};
/* End PBXFrameworksBuildPhase section */

/* Begin PBXGroup section */
		DA27F7041F5788E300CCDDDB = {
			isa = PBXGroup;
			children = (
				DA8B7DDF1F578E7C004EEE23 /* Assets */,
				DA8B7DD61F578E7C004EEE23 /* Design */,
				DA8B7DCF1F578E7C004EEE23 /* Resources */,
				DA8B7DD71F578E7C004EEE23 /* Source */,
				DA8B7DE01F578E7C004EEE23 /* Info.plist */,
				DA8B7DCE1F578E7C004EEE23 /* LICENSE */,
				DA8B7DE11F578E7C004EEE23 /* README.md */,
				DA27F70E1F5788E300CCDDDB /* Products */,
			);
			sourceTree = "<group>";
		};
		DA27F70E1F5788E300CCDDDB /* Products */ = {
			isa = PBXGroup;
			children = (
				DA27F70D1F5788E300CCDDDB /* velvetRoom.app */,
			);
			name = Products;
			sourceTree = "<group>";
		};
		DA8B7DCF1F578E7C004EEE23 /* Resources */ = {
			isa = PBXGroup;
			children = (
				DA8B7DD01F578E7C004EEE23 /* LocalizableController.strings */,
				DA8B7DD21F578E7C004EEE23 /* LocalizableModel.strings */,
				DA8B7DD41F578E7C004EEE23 /* LocalizableView.strings */,
			);
			path = Resources;
			sourceTree = "<group>";
		};
		DA8B7DD61F578E7C004EEE23 /* Design */ = {
			isa = PBXGroup;
			children = (
			);
			path = Design;
			sourceTree = "<group>";
		};
		DA8B7DD71F578E7C004EEE23 /* Source */ = {
			isa = PBXGroup;
			children = (
				DA8B7DD81F578E7C004EEE23 /* Controller */,
				DA8B7DD91F578E7C004EEE23 /* CoreData */,
				DA8B7DDA1F578E7C004EEE23 /* Firebase */,
				DA8B7DDC1F578E7C004EEE23 /* GenericExtensions */,
				DA8B7DDD1F578E7C004EEE23 /* Model */,
				DA8B7DDE1F578E7C004EEE23 /* View */,
			);
			path = Source;
			sourceTree = "<group>";
		};
		DA8B7DD81F578E7C004EEE23 /* Controller */ = {
			isa = PBXGroup;
			children = (
			);
			path = Controller;
			sourceTree = "<group>";
		};
		DA8B7DD91F578E7C004EEE23 /* CoreData */ = {
			isa = PBXGroup;
			children = (
			);
			path = CoreData;
			sourceTree = "<group>";
		};
		DA8B7DDA1F578E7C004EEE23 /* Firebase */ = {
			isa = PBXGroup;
			children = (
				DA8B7DDB1F578E7C004EEE23 /* Database */,
			);
			path = Firebase;
			sourceTree = "<group>";
		};
		DA8B7DDB1F578E7C004EEE23 /* Database */ = {
			isa = PBXGroup;
			children = (
			);
			path = Database;
			sourceTree = "<group>";
		};
		DA8B7DDC1F578E7C004EEE23 /* GenericExtensions */ = {
			isa = PBXGroup;
			children = (
			);
			path = GenericExtensions;
			sourceTree = "<group>";
		};
		DA8B7DDD1F578E7C004EEE23 /* Model */ = {
			isa = PBXGroup;
			children = (
			);
			path = Model;
			sourceTree = "<group>";
		};
		DA8B7DDE1F578E7C004EEE23 /* View */ = {
			isa = PBXGroup;
			children = (
			);
			path = View;
			sourceTree = "<group>";
		};
		DA8B7DDF1F578E7C004EEE23 /* Assets */ = {
			isa = PBXGroup;
			children = (
			);
			path = Assets;
			sourceTree = "<group>";
		};
/* End PBXGroup section */

/* Begin PBXNativeTarget section */
		DA27F70C1F5788E300CCDDDB /* velvetRoom */ = {
			isa = PBXNativeTarget;
			buildConfigurationList = DA27F71F1F5788E300CCDDDB /* Build configuration list for PBXNativeTarget "velvetRoom" */;
			buildPhases = (
				DA27F7091F5788E300CCDDDB /* Sources */,
				DA27F70A1F5788E300CCDDDB /* Frameworks */,
				DA27F70B1F5788E300CCDDDB /* Resources */,
			);
			buildRules = (
			);
			dependencies = (
			);
			name = velvetRoom;
			productName = velvetRoom;
			productReference = DA27F70D1F5788E300CCDDDB /* velvetRoom.app */;
			productType = "com.apple.product-type.application";
		};
/* End PBXNativeTarget section */

/* Begin PBXProject section */
		DA27F7051F5788E300CCDDDB /* Project object */ = {
			isa = PBXProject;
			attributes = {
				LastSwiftUpdateCheck = 0900;
				LastUpgradeCheck = 0900;
				ORGANIZATIONNAME = iturbide;
				TargetAttributes = {
					DA27F70C1F5788E300CCDDDB = {
						CreatedOnToolsVersion = 9.0;
						ProvisioningStyle = Automatic;
					};
				};
			};
			buildConfigurationList = DA27F7081F5788E300CCDDDB /* Build configuration list for PBXProject "velvetRoom" */;
			compatibilityVersion = "Xcode 8.0";
			developmentRegion = en;
			hasScannedForEncodings = 0;
			knownRegions = (
				en,
			);
			mainGroup = DA27F7041F5788E300CCDDDB;
			productRefGroup = DA27F70E1F5788E300CCDDDB /* Products */;
			projectDirPath = "";
			projectRoot = "";
			targets = (
				DA27F70C1F5788E300CCDDDB /* velvetRoom */,
			);
		};
/* End PBXProject section */

/* Begin PBXResourcesBuildPhase section */
		DA27F70B1F5788E300CCDDDB /* Resources */ = {
			isa = PBXResourcesBuildPhase;
			buildActionMask = 2147483647;
			files = (
				DA8B7DE51F578E7D004EEE23 /* LocalizableView.strings in Resources */,
				DA8B7DE31F578E7D004EEE23 /* LocalizableController.strings in Resources */,
				DA8B7DE41F578E7D004EEE23 /* LocalizableModel.strings in Resources */,
			);
			runOnlyForDeploymentPostprocessing = 0;
		};
/* End PBXResourcesBuildPhase section */

/* Begin PBXSourcesBuildPhase section */
		DA27F7091F5788E300CCDDDB /* Sources */ = {
			isa = PBXSourcesBuildPhase;
			buildActionMask = 2147483647;
			files = (
			);
			runOnlyForDeploymentPostprocessing = 0;
		};
/* End PBXSourcesBuildPhase section */

/* Begin PBXVariantGroup section */
		DA8B7DD01F578E7C004EEE23 /* LocalizableController.strings */ = {
			isa = PBXVariantGroup;
			children = (
				DA8B7DD11F578E7C004EEE23 /* en */,
			);
			name = LocalizableController.strings;
			sourceTree = "<group>";
		};
		DA8B7DD21F578E7C004EEE23 /* LocalizableModel.strings */ = {
			isa = PBXVariantGroup;
			children = (
				DA8B7DD31F578E7C004EEE23 /* en */,
			);
			name = LocalizableModel.strings;
			sourceTree = "<group>";
		};
		DA8B7DD41F578E7C004EEE23 /* LocalizableView.strings */ = {
			isa = PBXVariantGroup;
			children = (
				DA8B7DD51F578E7C004EEE23 /* en */,
			);
			name = LocalizableView.strings;
			sourceTree = "<group>";
		};
/* End PBXVariantGroup section */

/* Begin XCBuildConfiguration section */
		DA27F71D1F5788E300CCDDDB /* Debug */ = {
			isa = XCBuildConfiguration;
			buildSettings = {
				ALWAYS_SEARCH_USER_PATHS = NO;
				CLANG_ANALYZER_NONNULL = YES;
				CLANG_ANALYZER_NUMBER_OBJECT_CONVERSION = YES_AGGRESSIVE;
				CLANG_CXX_LANGUAGE_STANDARD = "gnu++14";
				CLANG_CXX_LIBRARY = "libc++";
				CLANG_ENABLE_MODULES = YES;
				CLANG_ENABLE_OBJC_ARC = YES;
				CLANG_WARN_BLOCK_CAPTURE_AUTORELEASING = YES;
				CLANG_WARN_BOOL_CONVERSION = YES;
				CLANG_WARN_COMMA = YES;
				CLANG_WARN_CONSTANT_CONVERSION = YES;
				CLANG_WARN_DIRECT_OBJC_ISA_USAGE = YES_ERROR;
				CLANG_WARN_DOCUMENTATION_COMMENTS = YES;
				CLANG_WARN_EMPTY_BODY = YES;
				CLANG_WARN_ENUM_CONVERSION = YES;
				CLANG_WARN_INFINITE_RECURSION = YES;
				CLANG_WARN_INT_CONVERSION = YES;
				CLANG_WARN_NON_LITERAL_NULL_CONVERSION = YES;
				CLANG_WARN_OBJC_LITERAL_CONVERSION = YES;
				CLANG_WARN_OBJC_ROOT_CLASS = YES_ERROR;
				CLANG_WARN_RANGE_LOOP_ANALYSIS = YES;
				CLANG_WARN_STRICT_PROTOTYPES = YES;
				CLANG_WARN_SUSPICIOUS_MOVE = YES;
				CLANG_WARN_UNGUARDED_AVAILABILITY = YES_AGGRESSIVE;
				CLANG_WARN_UNREACHABLE_CODE = YES;
				CLANG_WARN__DUPLICATE_METHOD_MATCH = YES;
				CODE_SIGN_IDENTITY = "iPhone Developer";
				COPY_PHASE_STRIP = NO;
				DEBUG_INFORMATION_FORMAT = dwarf;
				ENABLE_STRICT_OBJC_MSGSEND = YES;
				ENABLE_TESTABILITY = YES;
				GCC_C_LANGUAGE_STANDARD = gnu11;
				GCC_DYNAMIC_NO_PIC = NO;
				GCC_NO_COMMON_BLOCKS = YES;
				GCC_OPTIMIZATION_LEVEL = 0;
				GCC_PREPROCESSOR_DEFINITIONS = (
					"DEBUG=1",
					"$(inherited)",
				);
				GCC_WARN_64_TO_32_BIT_CONVERSION = YES;
				GCC_WARN_ABOUT_RETURN_TYPE = YES_ERROR;
				GCC_WARN_UNDECLARED_SELECTOR = YES;
				GCC_WARN_UNINITIALIZED_AUTOS = YES_AGGRESSIVE;
				GCC_WARN_UNUSED_FUNCTION = YES;
				GCC_WARN_UNUSED_VARIABLE = YES;
				IPHONEOS_DEPLOYMENT_TARGET = 9.0;
				MTL_ENABLE_DEBUG_INFO = YES;
				ONLY_ACTIVE_ARCH = YES;
				SDKROOT = iphoneos;
				SWIFT_ACTIVE_COMPILATION_CONDITIONS = DEBUG;
				SWIFT_OPTIMIZATION_LEVEL = "-Onone";
			};
			name = Debug;
		};
		DA27F71E1F5788E300CCDDDB /* Release */ = {
			isa = XCBuildConfiguration;
			buildSettings = {
				ALWAYS_SEARCH_USER_PATHS = NO;
				CLANG_ANALYZER_NONNULL = YES;
				CLANG_ANALYZER_NUMBER_OBJECT_CONVERSION = YES_AGGRESSIVE;
				CLANG_CXX_LANGUAGE_STANDARD = "gnu++14";
				CLANG_CXX_LIBRARY = "libc++";
				CLANG_ENABLE_MODULES = YES;
				CLANG_ENABLE_OBJC_ARC = YES;
				CLANG_WARN_BLOCK_CAPTURE_AUTORELEASING = YES;
				CLANG_WARN_BOOL_CONVERSION = YES;
				CLANG_WARN_COMMA = YES;
				CLANG_WARN_CONSTANT_CONVERSION = YES;
				CLANG_WARN_DIRECT_OBJC_ISA_USAGE = YES_ERROR;
				CLANG_WARN_DOCUMENTATION_COMMENTS = YES;
				CLANG_WARN_EMPTY_BODY = YES;
				CLANG_WARN_ENUM_CONVERSION = YES;
				CLANG_WARN_INFINITE_RECURSION = YES;
				CLANG_WARN_INT_CONVERSION = YES;
				CLANG_WARN_NON_LITERAL_NULL_CONVERSION = YES;
				CLANG_WARN_OBJC_LITERAL_CONVERSION = YES;
				CLANG_WARN_OBJC_ROOT_CLASS = YES_ERROR;
				CLANG_WARN_RANGE_LOOP_ANALYSIS = YES;
				CLANG_WARN_STRICT_PROTOTYPES = YES;
				CLANG_WARN_SUSPICIOUS_MOVE = YES;
				CLANG_WARN_UNGUARDED_AVAILABILITY = YES_AGGRESSIVE;
				CLANG_WARN_UNREACHABLE_CODE = YES;
				CLANG_WARN__DUPLICATE_METHOD_MATCH = YES;
				CODE_SIGN_IDENTITY = "iPhone Developer";
				COPY_PHASE_STRIP = NO;
				DEBUG_INFORMATION_FORMAT = "dwarf-with-dsym";
				ENABLE_NS_ASSERTIONS = NO;
				ENABLE_STRICT_OBJC_MSGSEND = YES;
				GCC_C_LANGUAGE_STANDARD = gnu11;
				GCC_NO_COMMON_BLOCKS = YES;
				GCC_WARN_64_TO_32_BIT_CONVERSION = YES;
				GCC_WARN_ABOUT_RETURN_TYPE = YES_ERROR;
				GCC_WARN_UNDECLARED_SELECTOR = YES;
				GCC_WARN_UNINITIALIZED_AUTOS = YES_AGGRESSIVE;
				GCC_WARN_UNUSED_FUNCTION = YES;
				GCC_WARN_UNUSED_VARIABLE = YES;
				IPHONEOS_DEPLOYMENT_TARGET = 9.0;
				MTL_ENABLE_DEBUG_INFO = NO;
				SDKROOT = iphoneos;
				SWIFT_OPTIMIZATION_LEVEL = "-Owholemodule";
				VALIDATE_PRODUCT = YES;
			};
			name = Release;
		};
		DA27F7201F5788E300CCDDDB /* Debug */ = {
			isa = XCBuildConfiguration;
			buildSettings = {
				CODE_SIGN_STYLE = Automatic;
				DEVELOPMENT_TEAM = 7AMWG3RLHN;
				INFOPLIST_FILE = "$(SRCROOT)/Info.plist";
				LD_RUNPATH_SEARCH_PATHS = "$(inherited) @executable_path/Frameworks";
				PRODUCT_BUNDLE_IDENTIFIER = iturbide.velvetRoom;
				PRODUCT_NAME = "$(TARGET_NAME)";
				SWIFT_VERSION = 4.0;
				TARGETED_DEVICE_FAMILY = "1,2";
			};
			name = Debug;
		};
		DA27F7211F5788E300CCDDDB /* Release */ = {
			isa = XCBuildConfiguration;
			buildSettings = {
				CODE_SIGN_STYLE = Automatic;
				DEVELOPMENT_TEAM = 7AMWG3RLHN;
				INFOPLIST_FILE = "$(SRCROOT)/Info.plist";
				LD_RUNPATH_SEARCH_PATHS = "$(inherited) @executable_path/Frameworks";
				PRODUCT_BUNDLE_IDENTIFIER = iturbide.velvetRoom;
				PRODUCT_NAME = "$(TARGET_NAME)";
				SWIFT_VERSION = 4.0;
				TARGETED_DEVICE_FAMILY = "1,2";
			};
			name = Release;
		};
/* End XCBuildConfiguration section */

/* Begin XCConfigurationList section */
		DA27F7081F5788E300CCDDDB /* Build configuration list for PBXProject "velvetRoom" */ = {
			isa = XCConfigurationList;
			buildConfigurations = (
				DA27F71D1F5788E300CCDDDB /* Debug */,
				DA27F71E1F5788E300CCDDDB /* Release */,
			);
			defaultConfigurationIsVisible = 0;
			defaultConfigurationName = Release;
		};
		DA27F71F1F5788E300CCDDDB /* Build configuration list for PBXNativeTarget "velvetRoom" */ = {
			isa = XCConfigurationList;
			buildConfigurations = (
				DA27F7201F5788E300CCDDDB /* Debug */,
				DA27F7211F5788E300CCDDDB /* Release */,
			);
			defaultConfigurationIsVisible = 0;
			defaultConfigurationName = Release;
		};
/* End XCConfigurationList section */
	};
	rootObject = DA27F7051F5788E300CCDDDB /* Project object */;
}
