// !$*UTF8*$!
{
	archiveVersion = 1;
	classes = {
	};
	objectVersion = 48;
	objects = {

/* Begin PBXBuildFile section */
		069A33081CE75F84472262EF /* Pods_velvetRoom.framework in Frameworks */ = {isa = PBXBuildFile; fileRef = 163EC89E0FEC040D426CCB4C /* Pods_velvetRoom.framework */; };
		DA03CF861F6DEB2D001AE828 /* MVitaLink.swift in Sources */ = {isa = PBXBuildFile; fileRef = DA03CF851F6DEB2D001AE828 /* MVitaLink.swift */; };
		DA03CF881F6DEE16001AE828 /* MVitaLinkCommand.swift in Sources */ = {isa = PBXBuildFile; fileRef = DA03CF871F6DEE16001AE828 /* MVitaLinkCommand.swift */; };
		DA04ABB61F65D6AE0077CA06 /* PTPEventDelegate.swift in Sources */ = {isa = PBXBuildFile; fileRef = DA04ABB51F65D6AE0077CA06 /* PTPEventDelegate.swift */; };
		DA04ABB81F65EA3D0077CA06 /* PTPDelegate2.swift in Sources */ = {isa = PBXBuildFile; fileRef = DA04ABB71F65EA3D0077CA06 /* PTPDelegate2.swift */; };
		DA16C7091F5888CF0062D37A /* MMenuItemConnect.swift in Sources */ = {isa = PBXBuildFile; fileRef = DA16C7081F5888CF0062D37A /* MMenuItemConnect.swift */; };
		DA16C70B1F5898410062D37A /* generic.xcassets in Resources */ = {isa = PBXBuildFile; fileRef = DA16C70A1F5898410062D37A /* generic.xcassets */; };
		DA1A1BCD1F67255A00E8B084 /* brand.xcassets in Resources */ = {isa = PBXBuildFile; fileRef = DA1A1BCC1F67255A00E8B084 /* brand.xcassets */; };
		DA1A1BD31F67379900E8B084 /* connect.xcassets in Resources */ = {isa = PBXBuildFile; fileRef = DA1A1BD21F67379900E8B084 /* connect.xcassets */; };
		DA1A1BD51F67388F00E8B084 /* MConnectWalkProtocol.swift in Sources */ = {isa = PBXBuildFile; fileRef = DA1A1BD41F67388F00E8B084 /* MConnectWalkProtocol.swift */; };
		DA1A1BD71F6738CC00E8B084 /* MConnectWalkCover.swift in Sources */ = {isa = PBXBuildFile; fileRef = DA1A1BD61F6738CC00E8B084 /* MConnectWalkCover.swift */; };
		DA1A1BD91F6738F600E8B084 /* MConnectFactory.swift in Sources */ = {isa = PBXBuildFile; fileRef = DA1A1BD81F6738F600E8B084 /* MConnectFactory.swift */; };
		DA1A77621F683A1900947FD0 /* MConnectWalkWifi.swift in Sources */ = {isa = PBXBuildFile; fileRef = DA1A77611F683A1900947FD0 /* MConnectWalkWifi.swift */; };
		DA1A77641F68428200947FD0 /* MConnectWalkCma.swift in Sources */ = {isa = PBXBuildFile; fileRef = DA1A77631F68428200947FD0 /* MConnectWalkCma.swift */; };
		DA4D19481F69F8CD0079EB70 /* MVitaConfiguration.swift in Sources */ = {isa = PBXBuildFile; fileRef = DA4D19471F69F8CD0079EB70 /* MVitaConfiguration.swift */; };
		DA4D194A1F69F9190079EB70 /* MVitaConfigurationFactory.swift in Sources */ = {isa = PBXBuildFile; fileRef = DA4D19491F69F9190079EB70 /* MVitaConfigurationFactory.swift */; };
		DA57E3371F635F2F00B3EA73 /* PTPDelegate.swift in Sources */ = {isa = PBXBuildFile; fileRef = DA57E3361F635F2F00B3EA73 /* PTPDelegate.swift */; };
		DA57E3391F649BC100B3EA73 /* PTPDelegateWrite.swift in Sources */ = {isa = PBXBuildFile; fileRef = DA57E3381F649BC100B3EA73 /* PTPDelegateWrite.swift */; };
		DA5D1A2A1F5FB4C600FAF140 /* MConnectConnected.swift in Sources */ = {isa = PBXBuildFile; fileRef = DA5D1A291F5FB4C600FAF140 /* MConnectConnected.swift */; };
		DA76226F1F6BE8F00049195B /* MVitaConfigurationBroadcast.swift in Sources */ = {isa = PBXBuildFile; fileRef = DA76226E1F6BE8F00049195B /* MVitaConfigurationBroadcast.swift */; };
		DA7622751F6BF2500049195B /* Database.swift in Sources */ = {isa = PBXBuildFile; fileRef = DA7622711F6BF2500049195B /* Database.swift */; };
		DA7622761F6BF2500049195B /* DatabaseFactory.swift in Sources */ = {isa = PBXBuildFile; fileRef = DA7622721F6BF2500049195B /* DatabaseFactory.swift */; };
		DA7ABF6A1F6BFB3C0092B797 /* DVelvetRoom.xcdatamodeld in Sources */ = {isa = PBXBuildFile; fileRef = DA7ABF681F6BFB3C0092B797 /* DVelvetRoom.xcdatamodeld */; };
		DA7ABF6C1F6BFC140092B797 /* DAccount.swift in Sources */ = {isa = PBXBuildFile; fileRef = DA7ABF6B1F6BFC140092B797 /* DAccount.swift */; };
		DA7ABF6F1F6C01370092B797 /* VHome.swift in Sources */ = {isa = PBXBuildFile; fileRef = DA7ABF6E1F6C01370092B797 /* VHome.swift */; };
		DA7ABF721F6C01670092B797 /* MHome.swift in Sources */ = {isa = PBXBuildFile; fileRef = DA7ABF711F6C01670092B797 /* MHome.swift */; };
		DA7ABF751F6C018B0092B797 /* CHome.swift in Sources */ = {isa = PBXBuildFile; fileRef = DA7ABF741F6C018B0092B797 /* CHome.swift */; };
		DA7ABF771F6C01AB0092B797 /* ArchHome.swift in Sources */ = {isa = PBXBuildFile; fileRef = DA7ABF761F6C01AB0092B797 /* ArchHome.swift */; };
		DA7ABF791F6C02170092B797 /* MMenuItemHome.swift in Sources */ = {isa = PBXBuildFile; fileRef = DA7ABF781F6C02170092B797 /* MMenuItemHome.swift */; };
		DA8B7DE31F578E7D004EEE23 /* LocalizableController.strings in Resources */ = {isa = PBXBuildFile; fileRef = DA8B7DD01F578E7C004EEE23 /* LocalizableController.strings */; };
		DA8B7DE41F578E7D004EEE23 /* LocalizableModel.strings in Resources */ = {isa = PBXBuildFile; fileRef = DA8B7DD21F578E7C004EEE23 /* LocalizableModel.strings */; };
		DA8B7DE51F578E7D004EEE23 /* LocalizableView.strings in Resources */ = {isa = PBXBuildFile; fileRef = DA8B7DD41F578E7C004EEE23 /* LocalizableView.strings */; };
		DA8B7DEA1F578F1B004EEE23 /* infoPlist.strings in Resources */ = {isa = PBXBuildFile; fileRef = DA8B7DE81F578F1A004EEE23 /* infoPlist.strings */; };
		DA8B7DEC1F578F56004EEE23 /* LaunchScreen.storyboard in Resources */ = {isa = PBXBuildFile; fileRef = DA8B7DEB1F578F56004EEE23 /* LaunchScreen.storyboard */; };
		DA8B7DFA1F579037004EEE23 /* ExtensionNSManagedObject.swift in Sources */ = {isa = PBXBuildFile; fileRef = DA8B7DED1F579035004EEE23 /* ExtensionNSManagedObject.swift */; };
		DA8B7DFB1F579037004EEE23 /* ExtensionUICollectionReusableView.swift in Sources */ = {isa = PBXBuildFile; fileRef = DA8B7DEE1F579036004EEE23 /* ExtensionUICollectionReusableView.swift */; };
		DA8B7DFC1F579037004EEE23 /* ExtensionURLResponse.swift in Sources */ = {isa = PBXBuildFile; fileRef = DA8B7DEF1F579036004EEE23 /* ExtensionURLResponse.swift */; };
		DA8B7DFD1F579037004EEE23 /* ExtensionNSLayoutConstraint.swift in Sources */ = {isa = PBXBuildFile; fileRef = DA8B7DF01F579036004EEE23 /* ExtensionNSLayoutConstraint.swift */; };
		DA8B7DFE1F579037004EEE23 /* ExtensionURL.swift in Sources */ = {isa = PBXBuildFile; fileRef = DA8B7DF11F579036004EEE23 /* ExtensionURL.swift */; };
		DA8B7DFF1F579037004EEE23 /* ExtensionUIFont.swift in Sources */ = {isa = PBXBuildFile; fileRef = DA8B7DF21F579036004EEE23 /* ExtensionUIFont.swift */; };
		DA8B7E001F579037004EEE23 /* ExtensionFileManager.swift in Sources */ = {isa = PBXBuildFile; fileRef = DA8B7DF31F579036004EEE23 /* ExtensionFileManager.swift */; };
		DA8B7E011F579037004EEE23 /* ExtensionString.swift in Sources */ = {isa = PBXBuildFile; fileRef = DA8B7DF41F579036004EEE23 /* ExtensionString.swift */; };
		DA8B7E021F579037004EEE23 /* ExtensionCGImage.swift in Sources */ = {isa = PBXBuildFile; fileRef = DA8B7DF51F579036004EEE23 /* ExtensionCGImage.swift */; };
		DA8B7E031F579037004EEE23 /* ExtensionDictionary.swift in Sources */ = {isa = PBXBuildFile; fileRef = DA8B7DF61F579037004EEE23 /* ExtensionDictionary.swift */; };
		DA8B7E041F579037004EEE23 /* ExtensionNotification.swift in Sources */ = {isa = PBXBuildFile; fileRef = DA8B7DF71F579037004EEE23 /* ExtensionNotification.swift */; };
		DA8B7E051F579037004EEE23 /* ExtensionData.swift in Sources */ = {isa = PBXBuildFile; fileRef = DA8B7DF81F579037004EEE23 /* ExtensionData.swift */; };
		DA8B7E061F579037004EEE23 /* ExtensionUIColor.swift in Sources */ = {isa = PBXBuildFile; fileRef = DA8B7DF91F579037004EEE23 /* ExtensionUIColor.swift */; };
		DA8B7E0E1F57929C004EEE23 /* AppDelegate.swift in Sources */ = {isa = PBXBuildFile; fileRef = DA8B7E081F57929B004EEE23 /* AppDelegate.swift */; };
		DA8B7E0F1F57929C004EEE23 /* Controller.swift in Sources */ = {isa = PBXBuildFile; fileRef = DA8B7E091F57929B004EEE23 /* Controller.swift */; };
		DA8B7E101F57929C004EEE23 /* ControllerParent.swift in Sources */ = {isa = PBXBuildFile; fileRef = DA8B7E0A1F57929B004EEE23 /* ControllerParent.swift */; };
		DA8B7E111F57929C004EEE23 /* ControllerParentMenu.swift in Sources */ = {isa = PBXBuildFile; fileRef = DA8B7E0B1F57929B004EEE23 /* ControllerParentMenu.swift */; };
		DA8B7E121F57929C004EEE23 /* ControllerParentOrientation.swift in Sources */ = {isa = PBXBuildFile; fileRef = DA8B7E0C1F57929B004EEE23 /* ControllerParentOrientation.swift */; };
		DA8B7E131F57929C004EEE23 /* ControllerParentTransitions.swift in Sources */ = {isa = PBXBuildFile; fileRef = DA8B7E0D1F57929B004EEE23 /* ControllerParentTransitions.swift */; };
		DA8B7E161F579309004EEE23 /* Model.swift in Sources */ = {isa = PBXBuildFile; fileRef = DA8B7E151F579308004EEE23 /* Model.swift */; };
		DA8B7E231F579344004EEE23 /* View.swift in Sources */ = {isa = PBXBuildFile; fileRef = DA8B7E191F579344004EEE23 /* View.swift */; };
		DA8B7E241F579344004EEE23 /* ViewMain.swift in Sources */ = {isa = PBXBuildFile; fileRef = DA8B7E1A1F579344004EEE23 /* ViewMain.swift */; };
		DA8B7E251F579344004EEE23 /* ViewParent.swift in Sources */ = {isa = PBXBuildFile; fileRef = DA8B7E1B1F579344004EEE23 /* ViewParent.swift */; };
		DA8B7E261F579344004EEE23 /* ViewParentGesture.swift in Sources */ = {isa = PBXBuildFile; fileRef = DA8B7E1C1F579344004EEE23 /* ViewParentGesture.swift */; };
		DA8B7E271F579344004EEE23 /* ViewParentTransitions.swift in Sources */ = {isa = PBXBuildFile; fileRef = DA8B7E1D1F579344004EEE23 /* ViewParentTransitions.swift */; };
		DA8B7E281F579344004EEE23 /* ViewProtocol.swift in Sources */ = {isa = PBXBuildFile; fileRef = DA8B7E1E1F579344004EEE23 /* ViewProtocol.swift */; };
		DA8B7E291F579344004EEE23 /* VMenu.swift in Sources */ = {isa = PBXBuildFile; fileRef = DA8B7E201F579344004EEE23 /* VMenu.swift */; };
		DA8B7E2A1F579344004EEE23 /* VMenuCell.swift in Sources */ = {isa = PBXBuildFile; fileRef = DA8B7E211F579344004EEE23 /* VMenuCell.swift */; };
		DA8B7E2B1F579344004EEE23 /* VMenuCollection.swift in Sources */ = {isa = PBXBuildFile; fileRef = DA8B7E221F579344004EEE23 /* VMenuCollection.swift */; };
		DA8B7E381F579369004EEE23 /* VAlert.swift in Sources */ = {isa = PBXBuildFile; fileRef = DA8B7E2D1F579369004EEE23 /* VAlert.swift */; };
		DA8B7E391F579369004EEE23 /* VBlur.swift in Sources */ = {isa = PBXBuildFile; fileRef = DA8B7E2E1F579369004EEE23 /* VBlur.swift */; };
		DA8B7E3A1F579369004EEE23 /* VBorder.swift in Sources */ = {isa = PBXBuildFile; fileRef = DA8B7E2F1F579369004EEE23 /* VBorder.swift */; };
		DA8B7E3B1F579369004EEE23 /* VCollection.swift in Sources */ = {isa = PBXBuildFile; fileRef = DA8B7E301F579369004EEE23 /* VCollection.swift */; };
		DA8B7E3C1F579369004EEE23 /* VCollectionFlow.swift in Sources */ = {isa = PBXBuildFile; fileRef = DA8B7E311F579369004EEE23 /* VCollectionFlow.swift */; };
		DA8B7E3D1F579369004EEE23 /* VGradient.swift in Sources */ = {isa = PBXBuildFile; fileRef = DA8B7E321F579369004EEE23 /* VGradient.swift */; };
		DA8B7E3E1F579369004EEE23 /* VPushBackground.swift in Sources */ = {isa = PBXBuildFile; fileRef = DA8B7E331F579369004EEE23 /* VPushBackground.swift */; };
		DA8B7E3F1F579369004EEE23 /* VSlider.swift in Sources */ = {isa = PBXBuildFile; fileRef = DA8B7E341F579369004EEE23 /* VSlider.swift */; };
		DA8B7E401F579369004EEE23 /* VSliderBar.swift in Sources */ = {isa = PBXBuildFile; fileRef = DA8B7E351F579369004EEE23 /* VSliderBar.swift */; };
		DA8B7E411F579369004EEE23 /* VSpinner.swift in Sources */ = {isa = PBXBuildFile; fileRef = DA8B7E361F579369004EEE23 /* VSpinner.swift */; };
		DA8B7E421F579369004EEE23 /* VToast.swift in Sources */ = {isa = PBXBuildFile; fileRef = DA8B7E371F579369004EEE23 /* VToast.swift */; };
		DA97512B1F69730700DBC757 /* VConnectingTimeout.swift in Sources */ = {isa = PBXBuildFile; fileRef = DA97512A1F69730700DBC757 /* VConnectingTimeout.swift */; };
		DA9751421F69938A00DBC757 /* MConnectingStatusLoading.swift in Sources */ = {isa = PBXBuildFile; fileRef = DA9751371F69938A00DBC757 /* MConnectingStatusLoading.swift */; };
		DA9751431F69938A00DBC757 /* MConnectingStatusPin.swift in Sources */ = {isa = PBXBuildFile; fileRef = DA9751381F69938A00DBC757 /* MConnectingStatusPin.swift */; };
		DA9751441F69938A00DBC757 /* MConnectingStatusProtocol.swift in Sources */ = {isa = PBXBuildFile; fileRef = DA9751391F69938A00DBC757 /* MConnectingStatusProtocol.swift */; };
		DA9751451F69938A00DBC757 /* MConnectingStatusTimeout.swift in Sources */ = {isa = PBXBuildFile; fileRef = DA97513A1F69938A00DBC757 /* MConnectingStatusTimeout.swift */; };
		DA9751461F69938A00DBC757 /* MConnecting.swift in Sources */ = {isa = PBXBuildFile; fileRef = DA97513C1F69938A00DBC757 /* MConnecting.swift */; };
		DA9751471F69938A00DBC757 /* MConnectingActions.swift in Sources */ = {isa = PBXBuildFile; fileRef = DA97513D1F69938A00DBC757 /* MConnectingActions.swift */; };
		DA97514C1F6993BA00DBC757 /* MConnectingSocket.swift in Sources */ = {isa = PBXBuildFile; fileRef = DA97514B1F6993BA00DBC757 /* MConnectingSocket.swift */; };
		DA9751501F69940C00DBC757 /* MConnectingPin.swift in Sources */ = {isa = PBXBuildFile; fileRef = DA97514E1F69940C00DBC757 /* MConnectingPin.swift */; };
		DA9751511F69940C00DBC757 /* MConnectingTimer.swift in Sources */ = {isa = PBXBuildFile; fileRef = DA97514F1F69940C00DBC757 /* MConnectingTimer.swift */; };
		DA9751531F69944700DBC757 /* MConnectingStatus.swift in Sources */ = {isa = PBXBuildFile; fileRef = DA9751521F69944700DBC757 /* MConnectingStatus.swift */; };
		DA9FC4E21F5E79F4009B2D98 /* MConnect2.swift in Sources */ = {isa = PBXBuildFile; fileRef = DA9FC4E11F5E79F4009B2D98 /* MConnect2.swift */; };
		DABF34A91F68968A001CF436 /* spinner.xcassets in Resources */ = {isa = PBXBuildFile; fileRef = DABF34A81F68968A001CF436 /* spinner.xcassets */; };
		DABF34B31F68A896001CF436 /* ArchConnecting.swift in Sources */ = {isa = PBXBuildFile; fileRef = DABF34B21F68A896001CF436 /* ArchConnecting.swift */; };
		DABF34B61F68A8C5001CF436 /* CConnecting.swift in Sources */ = {isa = PBXBuildFile; fileRef = DABF34B51F68A8C5001CF436 /* CConnecting.swift */; };
		DABF34BC1F68A932001CF436 /* VConnecting.swift in Sources */ = {isa = PBXBuildFile; fileRef = DABF34BB1F68A932001CF436 /* VConnecting.swift */; };
		DAD3A0BD1F6CF08000026CA9 /* MVitaConfigurationFactoryKeys.swift in Sources */ = {isa = PBXBuildFile; fileRef = DAD3A0BC1F6CF08000026CA9 /* MVitaConfigurationFactoryKeys.swift */; };
		DAD3A0BF1F6CF0D000026CA9 /* MVitaConfigurationFactoryTools.swift in Sources */ = {isa = PBXBuildFile; fileRef = DAD3A0BE1F6CF0D000026CA9 /* MVitaConfigurationFactoryTools.swift */; };
		DAD3A0C11F6CF19500026CA9 /* MVitaConfigurationFactoryBroadcast.swift in Sources */ = {isa = PBXBuildFile; fileRef = DAD3A0C01F6CF19500026CA9 /* MVitaConfigurationFactoryBroadcast.swift */; };
		DAD3A0C31F6CF53800026CA9 /* MConnectingPinFactory.swift in Sources */ = {isa = PBXBuildFile; fileRef = DAD3A0C21F6CF53800026CA9 /* MConnectingPinFactory.swift */; };
		DAD3A0C51F6CFE6400026CA9 /* MVitaDevice.swift in Sources */ = {isa = PBXBuildFile; fileRef = DAD3A0C41F6CFE6400026CA9 /* MVitaDevice.swift */; };
		DAD3A0C71F6D05E500026CA9 /* MVitaDeviceFactory.swift in Sources */ = {isa = PBXBuildFile; fileRef = DAD3A0C61F6D05E500026CA9 /* MVitaDeviceFactory.swift */; };
		DAD3A0C91F6D0B8F00026CA9 /* MVitaConfigurationDevice.swift in Sources */ = {isa = PBXBuildFile; fileRef = DAD3A0C81F6D0B8F00026CA9 /* MVitaConfigurationDevice.swift */; };
		DAD3A0CB1F6D0C0A00026CA9 /* MVitaConfigurationFactoryDevice.swift in Sources */ = {isa = PBXBuildFile; fileRef = DAD3A0CA1F6D0C0A00026CA9 /* MVitaConfigurationFactoryDevice.swift */; };
		DAD3A0CD1F6D0D9000026CA9 /* vitaConfiguration.plist in Resources */ = {isa = PBXBuildFile; fileRef = DAD3A0CC1F6D0D9000026CA9 /* vitaConfiguration.plist */; };
		DAD5897B1F6C16C40048D830 /* MHomeSession.swift in Sources */ = {isa = PBXBuildFile; fileRef = DAD5897A1F6C16C40048D830 /* MHomeSession.swift */; };
		DAD5897D1F6C27050048D830 /* MConnectingSocketUdpFactory.swift in Sources */ = {isa = PBXBuildFile; fileRef = DAD5897C1F6C27050048D830 /* MConnectingSocketUdpFactory.swift */; };
		DAD799261F57C04E001D6A4C /* Arch.swift in Sources */ = {isa = PBXBuildFile; fileRef = DAD799251F57C04E001D6A4C /* Arch.swift */; };
		DAD799281F57C085001D6A4C /* ArchConnect.swift in Sources */ = {isa = PBXBuildFile; fileRef = DAD799271F57C085001D6A4C /* ArchConnect.swift */; };
		DAD857871F6B42EE00728361 /* MConnectingSocketUdp.swift in Sources */ = {isa = PBXBuildFile; fileRef = DAD857861F6B42EE00728361 /* MConnectingSocketUdp.swift */; };
		DAD857891F6B443000728361 /* MConnectingSocketTcp.swift in Sources */ = {isa = PBXBuildFile; fileRef = DAD857881F6B443000728361 /* MConnectingSocketTcp.swift */; };
		DAD8578B1F6B4A7400728361 /* MConnectingSocketStart.swift in Sources */ = {isa = PBXBuildFile; fileRef = DAD8578A1F6B4A7400728361 /* MConnectingSocketStart.swift */; };
		DAD8578D1F6B4CFC00728361 /* MConnectingSocketUdpDelegate.swift in Sources */ = {isa = PBXBuildFile; fileRef = DAD8578C1F6B4CFC00728361 /* MConnectingSocketUdpDelegate.swift */; };
		DAD8578F1F6B4E7900728361 /* MConnectingSocketTcpDelegate.swift in Sources */ = {isa = PBXBuildFile; fileRef = DAD8578E1F6B4E7900728361 /* MConnectingSocketTcpDelegate.swift */; };
		DAEE160C1F5795CA00D9F6DD /* MMenu.swift in Sources */ = {isa = PBXBuildFile; fileRef = DAEE16081F5795CA00D9F6DD /* MMenu.swift */; };
		DAEE160D1F5795CA00D9F6DD /* MMenuFactory.swift in Sources */ = {isa = PBXBuildFile; fileRef = DAEE16091F5795CA00D9F6DD /* MMenuFactory.swift */; };
		DAEE160E1F5795CA00D9F6DD /* MMenuItemProtocol.swift in Sources */ = {isa = PBXBuildFile; fileRef = DAEE160A1F5795CA00D9F6DD /* MMenuItemProtocol.swift */; };
		DAEE160F1F5795CA00D9F6DD /* MMenuOrder.swift in Sources */ = {isa = PBXBuildFile; fileRef = DAEE160B1F5795CA00D9F6DD /* MMenuOrder.swift */; };
		DAEE16121F579FB000D9F6DD /* CConnect.swift in Sources */ = {isa = PBXBuildFile; fileRef = DAEE16111F579FB000D9F6DD /* CConnect.swift */; };
		DAF0A4CD1F6C895C00E596E7 /* MConnectingSocketTcpMethodType.swift in Sources */ = {isa = PBXBuildFile; fileRef = DAF0A4CC1F6C895C00E596E7 /* MConnectingSocketTcpMethodType.swift */; };
		DAF0A4D11F6C8C3B00E596E7 /* MConnectingSocketTcpMethodTypeFactory.swift in Sources */ = {isa = PBXBuildFile; fileRef = DAF0A4D01F6C8C3B00E596E7 /* MConnectingSocketTcpMethodTypeFactory.swift */; };
		DAF0A4D31F6C8DBF00E596E7 /* MConnectingSocketTcpMethodProtocol.swift in Sources */ = {isa = PBXBuildFile; fileRef = DAF0A4D21F6C8DBF00E596E7 /* MConnectingSocketTcpMethodProtocol.swift */; };
		DAF0A4D51F6C8DE900E596E7 /* MConnectingSocketTcpMethodShowpin.swift in Sources */ = {isa = PBXBuildFile; fileRef = DAF0A4D41F6C8DE900E596E7 /* MConnectingSocketTcpMethodShowpin.swift */; };
		DAF0A4D71F6C8E0A00E596E7 /* MConnectingSocketTcpMethodRegister.swift in Sources */ = {isa = PBXBuildFile; fileRef = DAF0A4D61F6C8E0A00E596E7 /* MConnectingSocketTcpMethodRegister.swift */; };
		DAF0A4D91F6C8E8000E596E7 /* MConnectingSocketTcpMethodRegisterResult.swift in Sources */ = {isa = PBXBuildFile; fileRef = DAF0A4D81F6C8E8000E596E7 /* MConnectingSocketTcpMethodRegisterResult.swift */; };
		DAF0A4DB1F6C8EE000E596E7 /* MConnectingSocketTcpMethodRegisterCancel.swift in Sources */ = {isa = PBXBuildFile; fileRef = DAF0A4DA1F6C8EE000E596E7 /* MConnectingSocketTcpMethodRegisterCancel.swift */; };
		DAF0A4DD1F6C8F6B00E596E7 /* MConnectingSocketTcpMethodConnect.swift in Sources */ = {isa = PBXBuildFile; fileRef = DAF0A4DC1F6C8F6B00E596E7 /* MConnectingSocketTcpMethodConnect.swift */; };
		DAF0A4DF1F6C8F8900E596E7 /* MConnectingSocketTcpMethodStandby.swift in Sources */ = {isa = PBXBuildFile; fileRef = DAF0A4DE1F6C8F8900E596E7 /* MConnectingSocketTcpMethodStandby.swift */; };
		DAF0A4E11F6C9A5900E596E7 /* MConnectingSocketTcpStrategies.swift in Sources */ = {isa = PBXBuildFile; fileRef = DAF0A4E01F6C9A5900E596E7 /* MConnectingSocketTcpStrategies.swift */; };
		DAF8A53C1F57A0860078A383 /* MConnect.swift in Sources */ = {isa = PBXBuildFile; fileRef = DAF8A53B1F57A0860078A383 /* MConnect.swift */; };
		DAF8A53F1F57A0BE0078A383 /* VConnect.swift in Sources */ = {isa = PBXBuildFile; fileRef = DAF8A53E1F57A0BE0078A383 /* VConnect.swift */; };
		DAFD69901F692FD100D3B07B /* VConnectingStatus.swift in Sources */ = {isa = PBXBuildFile; fileRef = DAFD698F1F692FD100D3B07B /* VConnectingStatus.swift */; };
		DAFDA3C51F6996EA005AC320 /* MConnectingSocketFactory.swift in Sources */ = {isa = PBXBuildFile; fileRef = DAFDA3C41F6996EA005AC320 /* MConnectingSocketFactory.swift */; };
		DAFDA3C91F699C11005AC320 /* VConnectingError.swift in Sources */ = {isa = PBXBuildFile; fileRef = DAFDA3C81F699C11005AC320 /* VConnectingError.swift */; };
		DAFDA3CB1F699C7F005AC320 /* MConnectingStatusError.swift in Sources */ = {isa = PBXBuildFile; fileRef = DAFDA3CA1F699C7F005AC320 /* MConnectingStatusError.swift */; };
		DAFFC4B41F68B3ED00F27ADD /* VConnectWalk.swift in Sources */ = {isa = PBXBuildFile; fileRef = DAFFC4B31F68B3ED00F27ADD /* VConnectWalk.swift */; };
		DAFFC4B61F68B3F700F27ADD /* VConnectWalkCell.swift in Sources */ = {isa = PBXBuildFile; fileRef = DAFFC4B51F68B3F700F27ADD /* VConnectWalkCell.swift */; };
		DAFFC4B81F68B40400F27ADD /* VConnectStart.swift in Sources */ = {isa = PBXBuildFile; fileRef = DAFFC4B71F68B40400F27ADD /* VConnectStart.swift */; };
		DAFFC4BA1F68B74300F27ADD /* VConnectingLoading.swift in Sources */ = {isa = PBXBuildFile; fileRef = DAFFC4B91F68B74300F27ADD /* VConnectingLoading.swift */; };
		DAFFC4C01F68C4AF00F27ADD /* VConnectingPin.swift in Sources */ = {isa = PBXBuildFile; fileRef = DAFFC4BF1F68C4AF00F27ADD /* VConnectingPin.swift */; };
		DAFFC4C41F68CBE700F27ADD /* VConnectingPinList.swift in Sources */ = {isa = PBXBuildFile; fileRef = DAFFC4C31F68CBE700F27ADD /* VConnectingPinList.swift */; };
		DAFFC4C61F68CC5100F27ADD /* VConnectingPinListCell.swift in Sources */ = {isa = PBXBuildFile; fileRef = DAFFC4C51F68CC5100F27ADD /* VConnectingPinListCell.swift */; };
/* End PBXBuildFile section */

/* Begin PBXFileReference section */
		163EC89E0FEC040D426CCB4C /* Pods_velvetRoom.framework */ = {isa = PBXFileReference; explicitFileType = wrapper.framework; includeInIndex = 0; path = Pods_velvetRoom.framework; sourceTree = BUILT_PRODUCTS_DIR; };
		DA03CF851F6DEB2D001AE828 /* MVitaLink.swift */ = {isa = PBXFileReference; lastKnownFileType = sourcecode.swift; path = MVitaLink.swift; sourceTree = "<group>"; };
		DA03CF871F6DEE16001AE828 /* MVitaLinkCommand.swift */ = {isa = PBXFileReference; lastKnownFileType = sourcecode.swift; path = MVitaLinkCommand.swift; sourceTree = "<group>"; };
		DA04ABB51F65D6AE0077CA06 /* PTPEventDelegate.swift */ = {isa = PBXFileReference; lastKnownFileType = sourcecode.swift; path = PTPEventDelegate.swift; sourceTree = "<group>"; };
		DA04ABB71F65EA3D0077CA06 /* PTPDelegate2.swift */ = {isa = PBXFileReference; lastKnownFileType = sourcecode.swift; path = PTPDelegate2.swift; sourceTree = "<group>"; };
		DA16C7081F5888CF0062D37A /* MMenuItemConnect.swift */ = {isa = PBXFileReference; lastKnownFileType = sourcecode.swift; path = MMenuItemConnect.swift; sourceTree = "<group>"; };
		DA16C70A1F5898410062D37A /* generic.xcassets */ = {isa = PBXFileReference; lastKnownFileType = folder.assetcatalog; path = generic.xcassets; sourceTree = "<group>"; };
		DA16C70C1F5898830062D37A /* velvetRoom.sketch */ = {isa = PBXFileReference; lastKnownFileType = file; path = velvetRoom.sketch; sourceTree = "<group>"; };
		DA1A1BCC1F67255A00E8B084 /* brand.xcassets */ = {isa = PBXFileReference; lastKnownFileType = folder.assetcatalog; path = brand.xcassets; sourceTree = "<group>"; };
		DA1A1BD21F67379900E8B084 /* connect.xcassets */ = {isa = PBXFileReference; lastKnownFileType = folder.assetcatalog; path = connect.xcassets; sourceTree = "<group>"; };
		DA1A1BD41F67388F00E8B084 /* MConnectWalkProtocol.swift */ = {isa = PBXFileReference; lastKnownFileType = sourcecode.swift; path = MConnectWalkProtocol.swift; sourceTree = "<group>"; };
		DA1A1BD61F6738CC00E8B084 /* MConnectWalkCover.swift */ = {isa = PBXFileReference; lastKnownFileType = sourcecode.swift; path = MConnectWalkCover.swift; sourceTree = "<group>"; };
		DA1A1BD81F6738F600E8B084 /* MConnectFactory.swift */ = {isa = PBXFileReference; lastKnownFileType = sourcecode.swift; path = MConnectFactory.swift; sourceTree = "<group>"; };
		DA1A77611F683A1900947FD0 /* MConnectWalkWifi.swift */ = {isa = PBXFileReference; lastKnownFileType = sourcecode.swift; path = MConnectWalkWifi.swift; sourceTree = "<group>"; };
		DA1A77631F68428200947FD0 /* MConnectWalkCma.swift */ = {isa = PBXFileReference; lastKnownFileType = sourcecode.swift; path = MConnectWalkCma.swift; sourceTree = "<group>"; };
		DA27D0EA1F5ABC000037AD7B /* velvetRoom.entitlements */ = {isa = PBXFileReference; lastKnownFileType = text.plist.entitlements; path = velvetRoom.entitlements; sourceTree = "<group>"; };
		DA27F70D1F5788E300CCDDDB /* velvetRoom.app */ = {isa = PBXFileReference; explicitFileType = wrapper.application; includeInIndex = 0; path = velvetRoom.app; sourceTree = BUILT_PRODUCTS_DIR; };
		DA4A3C351F59BF3A001E4B9C /* velvetRoom-Bridging-Header.h */ = {isa = PBXFileReference; lastKnownFileType = sourcecode.c.h; path = "velvetRoom-Bridging-Header.h"; sourceTree = "<group>"; };
		DA4D19471F69F8CD0079EB70 /* MVitaConfiguration.swift */ = {isa = PBXFileReference; lastKnownFileType = sourcecode.swift; path = MVitaConfiguration.swift; sourceTree = "<group>"; };
		DA4D19491F69F9190079EB70 /* MVitaConfigurationFactory.swift */ = {isa = PBXFileReference; lastKnownFileType = sourcecode.swift; path = MVitaConfigurationFactory.swift; sourceTree = "<group>"; };
		DA57E3361F635F2F00B3EA73 /* PTPDelegate.swift */ = {isa = PBXFileReference; lastKnownFileType = sourcecode.swift; path = PTPDelegate.swift; sourceTree = "<group>"; };
		DA57E3381F649BC100B3EA73 /* PTPDelegateWrite.swift */ = {isa = PBXFileReference; lastKnownFileType = sourcecode.swift; path = PTPDelegateWrite.swift; sourceTree = "<group>"; };
		DA5C66591F5CE4F80006B049 /* Podfile */ = {isa = PBXFileReference; fileEncoding = 4; lastKnownFileType = text; path = Podfile; sourceTree = "<group>"; xcLanguageSpecificationIdentifier = xcode.lang.ruby; };
		DA5D1A291F5FB4C600FAF140 /* MConnectConnected.swift */ = {isa = PBXFileReference; lastKnownFileType = sourcecode.swift; path = MConnectConnected.swift; sourceTree = "<group>"; };
		DA76226E1F6BE8F00049195B /* MVitaConfigurationBroadcast.swift */ = {isa = PBXFileReference; lastKnownFileType = sourcecode.swift; path = MVitaConfigurationBroadcast.swift; sourceTree = "<group>"; };
		DA7622711F6BF2500049195B /* Database.swift */ = {isa = PBXFileReference; fileEncoding = 4; lastKnownFileType = sourcecode.swift; path = Database.swift; sourceTree = "<group>"; };
		DA7622721F6BF2500049195B /* DatabaseFactory.swift */ = {isa = PBXFileReference; fileEncoding = 4; lastKnownFileType = sourcecode.swift; path = DatabaseFactory.swift; sourceTree = "<group>"; };
		DA7ABF691F6BFB3C0092B797 /* DVelvetRoom.xcdatamodel */ = {isa = PBXFileReference; lastKnownFileType = wrapper.xcdatamodel; path = DVelvetRoom.xcdatamodel; sourceTree = "<group>"; };
		DA7ABF6B1F6BFC140092B797 /* DAccount.swift */ = {isa = PBXFileReference; lastKnownFileType = sourcecode.swift; path = DAccount.swift; sourceTree = "<group>"; };
		DA7ABF6E1F6C01370092B797 /* VHome.swift */ = {isa = PBXFileReference; lastKnownFileType = sourcecode.swift; path = VHome.swift; sourceTree = "<group>"; };
		DA7ABF711F6C01670092B797 /* MHome.swift */ = {isa = PBXFileReference; lastKnownFileType = sourcecode.swift; path = MHome.swift; sourceTree = "<group>"; };
		DA7ABF741F6C018B0092B797 /* CHome.swift */ = {isa = PBXFileReference; lastKnownFileType = sourcecode.swift; path = CHome.swift; sourceTree = "<group>"; };
		DA7ABF761F6C01AB0092B797 /* ArchHome.swift */ = {isa = PBXFileReference; lastKnownFileType = sourcecode.swift; path = ArchHome.swift; sourceTree = "<group>"; };
		DA7ABF781F6C02170092B797 /* MMenuItemHome.swift */ = {isa = PBXFileReference; lastKnownFileType = sourcecode.swift; path = MMenuItemHome.swift; sourceTree = "<group>"; };
		DA8B7DCE1F578E7C004EEE23 /* LICENSE */ = {isa = PBXFileReference; fileEncoding = 4; lastKnownFileType = text; path = LICENSE; sourceTree = "<group>"; };
		DA8B7DD11F578E7C004EEE23 /* en */ = {isa = PBXFileReference; lastKnownFileType = text.plist.strings; name = en; path = en.lproj/LocalizableController.strings; sourceTree = "<group>"; };
		DA8B7DD31F578E7C004EEE23 /* en */ = {isa = PBXFileReference; lastKnownFileType = text.plist.strings; name = en; path = en.lproj/LocalizableModel.strings; sourceTree = "<group>"; };
		DA8B7DD51F578E7C004EEE23 /* en */ = {isa = PBXFileReference; lastKnownFileType = text.plist.strings; name = en; path = en.lproj/LocalizableView.strings; sourceTree = "<group>"; };
		DA8B7DE01F578E7C004EEE23 /* Info.plist */ = {isa = PBXFileReference; fileEncoding = 4; lastKnownFileType = text.plist.xml; path = Info.plist; sourceTree = "<group>"; };
		DA8B7DE11F578E7C004EEE23 /* README.md */ = {isa = PBXFileReference; fileEncoding = 4; lastKnownFileType = net.daringfireball.markdown; path = README.md; sourceTree = "<group>"; };
		DA8B7DE91F578F1A004EEE23 /* en */ = {isa = PBXFileReference; lastKnownFileType = text.plist.strings; name = en; path = en.lproj/infoPlist.strings; sourceTree = "<group>"; };
		DA8B7DEB1F578F56004EEE23 /* LaunchScreen.storyboard */ = {isa = PBXFileReference; lastKnownFileType = file.storyboard; path = LaunchScreen.storyboard; sourceTree = "<group>"; };
		DA8B7DED1F579035004EEE23 /* ExtensionNSManagedObject.swift */ = {isa = PBXFileReference; fileEncoding = 4; lastKnownFileType = sourcecode.swift; path = ExtensionNSManagedObject.swift; sourceTree = "<group>"; };
		DA8B7DEE1F579036004EEE23 /* ExtensionUICollectionReusableView.swift */ = {isa = PBXFileReference; fileEncoding = 4; lastKnownFileType = sourcecode.swift; path = ExtensionUICollectionReusableView.swift; sourceTree = "<group>"; };
		DA8B7DEF1F579036004EEE23 /* ExtensionURLResponse.swift */ = {isa = PBXFileReference; fileEncoding = 4; lastKnownFileType = sourcecode.swift; path = ExtensionURLResponse.swift; sourceTree = "<group>"; };
		DA8B7DF01F579036004EEE23 /* ExtensionNSLayoutConstraint.swift */ = {isa = PBXFileReference; fileEncoding = 4; lastKnownFileType = sourcecode.swift; path = ExtensionNSLayoutConstraint.swift; sourceTree = "<group>"; };
		DA8B7DF11F579036004EEE23 /* ExtensionURL.swift */ = {isa = PBXFileReference; fileEncoding = 4; lastKnownFileType = sourcecode.swift; path = ExtensionURL.swift; sourceTree = "<group>"; };
		DA8B7DF21F579036004EEE23 /* ExtensionUIFont.swift */ = {isa = PBXFileReference; fileEncoding = 4; lastKnownFileType = sourcecode.swift; path = ExtensionUIFont.swift; sourceTree = "<group>"; };
		DA8B7DF31F579036004EEE23 /* ExtensionFileManager.swift */ = {isa = PBXFileReference; fileEncoding = 4; lastKnownFileType = sourcecode.swift; path = ExtensionFileManager.swift; sourceTree = "<group>"; };
		DA8B7DF41F579036004EEE23 /* ExtensionString.swift */ = {isa = PBXFileReference; fileEncoding = 4; lastKnownFileType = sourcecode.swift; path = ExtensionString.swift; sourceTree = "<group>"; };
		DA8B7DF51F579036004EEE23 /* ExtensionCGImage.swift */ = {isa = PBXFileReference; fileEncoding = 4; lastKnownFileType = sourcecode.swift; path = ExtensionCGImage.swift; sourceTree = "<group>"; };
		DA8B7DF61F579037004EEE23 /* ExtensionDictionary.swift */ = {isa = PBXFileReference; fileEncoding = 4; lastKnownFileType = sourcecode.swift; path = ExtensionDictionary.swift; sourceTree = "<group>"; };
		DA8B7DF71F579037004EEE23 /* ExtensionNotification.swift */ = {isa = PBXFileReference; fileEncoding = 4; lastKnownFileType = sourcecode.swift; path = ExtensionNotification.swift; sourceTree = "<group>"; };
		DA8B7DF81F579037004EEE23 /* ExtensionData.swift */ = {isa = PBXFileReference; fileEncoding = 4; lastKnownFileType = sourcecode.swift; path = ExtensionData.swift; sourceTree = "<group>"; };
		DA8B7DF91F579037004EEE23 /* ExtensionUIColor.swift */ = {isa = PBXFileReference; fileEncoding = 4; lastKnownFileType = sourcecode.swift; path = ExtensionUIColor.swift; sourceTree = "<group>"; };
		DA8B7E081F57929B004EEE23 /* AppDelegate.swift */ = {isa = PBXFileReference; fileEncoding = 4; lastKnownFileType = sourcecode.swift; path = AppDelegate.swift; sourceTree = "<group>"; };
		DA8B7E091F57929B004EEE23 /* Controller.swift */ = {isa = PBXFileReference; fileEncoding = 4; lastKnownFileType = sourcecode.swift; path = Controller.swift; sourceTree = "<group>"; };
		DA8B7E0A1F57929B004EEE23 /* ControllerParent.swift */ = {isa = PBXFileReference; fileEncoding = 4; lastKnownFileType = sourcecode.swift; path = ControllerParent.swift; sourceTree = "<group>"; };
		DA8B7E0B1F57929B004EEE23 /* ControllerParentMenu.swift */ = {isa = PBXFileReference; fileEncoding = 4; lastKnownFileType = sourcecode.swift; path = ControllerParentMenu.swift; sourceTree = "<group>"; };
		DA8B7E0C1F57929B004EEE23 /* ControllerParentOrientation.swift */ = {isa = PBXFileReference; fileEncoding = 4; lastKnownFileType = sourcecode.swift; path = ControllerParentOrientation.swift; sourceTree = "<group>"; };
		DA8B7E0D1F57929B004EEE23 /* ControllerParentTransitions.swift */ = {isa = PBXFileReference; fileEncoding = 4; lastKnownFileType = sourcecode.swift; path = ControllerParentTransitions.swift; sourceTree = "<group>"; };
		DA8B7E151F579308004EEE23 /* Model.swift */ = {isa = PBXFileReference; fileEncoding = 4; lastKnownFileType = sourcecode.swift; path = Model.swift; sourceTree = "<group>"; };
		DA8B7E191F579344004EEE23 /* View.swift */ = {isa = PBXFileReference; fileEncoding = 4; lastKnownFileType = sourcecode.swift; path = View.swift; sourceTree = "<group>"; };
		DA8B7E1A1F579344004EEE23 /* ViewMain.swift */ = {isa = PBXFileReference; fileEncoding = 4; lastKnownFileType = sourcecode.swift; path = ViewMain.swift; sourceTree = "<group>"; };
		DA8B7E1B1F579344004EEE23 /* ViewParent.swift */ = {isa = PBXFileReference; fileEncoding = 4; lastKnownFileType = sourcecode.swift; path = ViewParent.swift; sourceTree = "<group>"; };
		DA8B7E1C1F579344004EEE23 /* ViewParentGesture.swift */ = {isa = PBXFileReference; fileEncoding = 4; lastKnownFileType = sourcecode.swift; path = ViewParentGesture.swift; sourceTree = "<group>"; };
		DA8B7E1D1F579344004EEE23 /* ViewParentTransitions.swift */ = {isa = PBXFileReference; fileEncoding = 4; lastKnownFileType = sourcecode.swift; path = ViewParentTransitions.swift; sourceTree = "<group>"; };
		DA8B7E1E1F579344004EEE23 /* ViewProtocol.swift */ = {isa = PBXFileReference; fileEncoding = 4; lastKnownFileType = sourcecode.swift; path = ViewProtocol.swift; sourceTree = "<group>"; };
		DA8B7E201F579344004EEE23 /* VMenu.swift */ = {isa = PBXFileReference; fileEncoding = 4; lastKnownFileType = sourcecode.swift; path = VMenu.swift; sourceTree = "<group>"; };
		DA8B7E211F579344004EEE23 /* VMenuCell.swift */ = {isa = PBXFileReference; fileEncoding = 4; lastKnownFileType = sourcecode.swift; path = VMenuCell.swift; sourceTree = "<group>"; };
		DA8B7E221F579344004EEE23 /* VMenuCollection.swift */ = {isa = PBXFileReference; fileEncoding = 4; lastKnownFileType = sourcecode.swift; path = VMenuCollection.swift; sourceTree = "<group>"; };
		DA8B7E2D1F579369004EEE23 /* VAlert.swift */ = {isa = PBXFileReference; fileEncoding = 4; lastKnownFileType = sourcecode.swift; path = VAlert.swift; sourceTree = "<group>"; };
		DA8B7E2E1F579369004EEE23 /* VBlur.swift */ = {isa = PBXFileReference; fileEncoding = 4; lastKnownFileType = sourcecode.swift; path = VBlur.swift; sourceTree = "<group>"; };
		DA8B7E2F1F579369004EEE23 /* VBorder.swift */ = {isa = PBXFileReference; fileEncoding = 4; lastKnownFileType = sourcecode.swift; path = VBorder.swift; sourceTree = "<group>"; };
		DA8B7E301F579369004EEE23 /* VCollection.swift */ = {isa = PBXFileReference; fileEncoding = 4; lastKnownFileType = sourcecode.swift; path = VCollection.swift; sourceTree = "<group>"; };
		DA8B7E311F579369004EEE23 /* VCollectionFlow.swift */ = {isa = PBXFileReference; fileEncoding = 4; lastKnownFileType = sourcecode.swift; path = VCollectionFlow.swift; sourceTree = "<group>"; };
		DA8B7E321F579369004EEE23 /* VGradient.swift */ = {isa = PBXFileReference; fileEncoding = 4; lastKnownFileType = sourcecode.swift; path = VGradient.swift; sourceTree = "<group>"; };
		DA8B7E331F579369004EEE23 /* VPushBackground.swift */ = {isa = PBXFileReference; fileEncoding = 4; lastKnownFileType = sourcecode.swift; path = VPushBackground.swift; sourceTree = "<group>"; };
		DA8B7E341F579369004EEE23 /* VSlider.swift */ = {isa = PBXFileReference; fileEncoding = 4; lastKnownFileType = sourcecode.swift; path = VSlider.swift; sourceTree = "<group>"; };
		DA8B7E351F579369004EEE23 /* VSliderBar.swift */ = {isa = PBXFileReference; fileEncoding = 4; lastKnownFileType = sourcecode.swift; path = VSliderBar.swift; sourceTree = "<group>"; };
		DA8B7E361F579369004EEE23 /* VSpinner.swift */ = {isa = PBXFileReference; fileEncoding = 4; lastKnownFileType = sourcecode.swift; path = VSpinner.swift; sourceTree = "<group>"; };
		DA8B7E371F579369004EEE23 /* VToast.swift */ = {isa = PBXFileReference; fileEncoding = 4; lastKnownFileType = sourcecode.swift; path = VToast.swift; sourceTree = "<group>"; };
		DA97512A1F69730700DBC757 /* VConnectingTimeout.swift */ = {isa = PBXFileReference; lastKnownFileType = sourcecode.swift; path = VConnectingTimeout.swift; sourceTree = "<group>"; };
		DA9751371F69938A00DBC757 /* MConnectingStatusLoading.swift */ = {isa = PBXFileReference; fileEncoding = 4; lastKnownFileType = sourcecode.swift; path = MConnectingStatusLoading.swift; sourceTree = "<group>"; };
		DA9751381F69938A00DBC757 /* MConnectingStatusPin.swift */ = {isa = PBXFileReference; fileEncoding = 4; lastKnownFileType = sourcecode.swift; path = MConnectingStatusPin.swift; sourceTree = "<group>"; };
		DA9751391F69938A00DBC757 /* MConnectingStatusProtocol.swift */ = {isa = PBXFileReference; fileEncoding = 4; lastKnownFileType = sourcecode.swift; path = MConnectingStatusProtocol.swift; sourceTree = "<group>"; };
		DA97513A1F69938A00DBC757 /* MConnectingStatusTimeout.swift */ = {isa = PBXFileReference; fileEncoding = 4; lastKnownFileType = sourcecode.swift; path = MConnectingStatusTimeout.swift; sourceTree = "<group>"; };
		DA97513C1F69938A00DBC757 /* MConnecting.swift */ = {isa = PBXFileReference; fileEncoding = 4; lastKnownFileType = sourcecode.swift; path = MConnecting.swift; sourceTree = "<group>"; };
		DA97513D1F69938A00DBC757 /* MConnectingActions.swift */ = {isa = PBXFileReference; fileEncoding = 4; lastKnownFileType = sourcecode.swift; path = MConnectingActions.swift; sourceTree = "<group>"; };
		DA97514B1F6993BA00DBC757 /* MConnectingSocket.swift */ = {isa = PBXFileReference; lastKnownFileType = sourcecode.swift; path = MConnectingSocket.swift; sourceTree = "<group>"; };
		DA97514E1F69940C00DBC757 /* MConnectingPin.swift */ = {isa = PBXFileReference; fileEncoding = 4; lastKnownFileType = sourcecode.swift; path = MConnectingPin.swift; sourceTree = "<group>"; };
		DA97514F1F69940C00DBC757 /* MConnectingTimer.swift */ = {isa = PBXFileReference; fileEncoding = 4; lastKnownFileType = sourcecode.swift; path = MConnectingTimer.swift; sourceTree = "<group>"; };
		DA9751521F69944700DBC757 /* MConnectingStatus.swift */ = {isa = PBXFileReference; fileEncoding = 4; lastKnownFileType = sourcecode.swift; path = MConnectingStatus.swift; sourceTree = "<group>"; };
		DA9FC4E11F5E79F4009B2D98 /* MConnect2.swift */ = {isa = PBXFileReference; lastKnownFileType = sourcecode.swift; path = MConnect2.swift; sourceTree = "<group>"; };
		DABF34A81F68968A001CF436 /* spinner.xcassets */ = {isa = PBXFileReference; lastKnownFileType = folder.assetcatalog; path = spinner.xcassets; sourceTree = "<group>"; };
		DABF34B21F68A896001CF436 /* ArchConnecting.swift */ = {isa = PBXFileReference; lastKnownFileType = sourcecode.swift; path = ArchConnecting.swift; sourceTree = "<group>"; };
		DABF34B51F68A8C5001CF436 /* CConnecting.swift */ = {isa = PBXFileReference; lastKnownFileType = sourcecode.swift; path = CConnecting.swift; sourceTree = "<group>"; };
		DABF34BB1F68A932001CF436 /* VConnecting.swift */ = {isa = PBXFileReference; lastKnownFileType = sourcecode.swift; path = VConnecting.swift; sourceTree = "<group>"; };
		DAD3A0BC1F6CF08000026CA9 /* MVitaConfigurationFactoryKeys.swift */ = {isa = PBXFileReference; lastKnownFileType = sourcecode.swift; path = MVitaConfigurationFactoryKeys.swift; sourceTree = "<group>"; };
		DAD3A0BE1F6CF0D000026CA9 /* MVitaConfigurationFactoryTools.swift */ = {isa = PBXFileReference; lastKnownFileType = sourcecode.swift; path = MVitaConfigurationFactoryTools.swift; sourceTree = "<group>"; };
		DAD3A0C01F6CF19500026CA9 /* MVitaConfigurationFactoryBroadcast.swift */ = {isa = PBXFileReference; lastKnownFileType = sourcecode.swift; path = MVitaConfigurationFactoryBroadcast.swift; sourceTree = "<group>"; };
		DAD3A0C21F6CF53800026CA9 /* MConnectingPinFactory.swift */ = {isa = PBXFileReference; fileEncoding = 4; lastKnownFileType = sourcecode.swift; path = MConnectingPinFactory.swift; sourceTree = "<group>"; };
		DAD3A0C41F6CFE6400026CA9 /* MVitaDevice.swift */ = {isa = PBXFileReference; lastKnownFileType = sourcecode.swift; path = MVitaDevice.swift; sourceTree = "<group>"; };
		DAD3A0C61F6D05E500026CA9 /* MVitaDeviceFactory.swift */ = {isa = PBXFileReference; lastKnownFileType = sourcecode.swift; path = MVitaDeviceFactory.swift; sourceTree = "<group>"; };
		DAD3A0C81F6D0B8F00026CA9 /* MVitaConfigurationDevice.swift */ = {isa = PBXFileReference; lastKnownFileType = sourcecode.swift; path = MVitaConfigurationDevice.swift; sourceTree = "<group>"; };
		DAD3A0CA1F6D0C0A00026CA9 /* MVitaConfigurationFactoryDevice.swift */ = {isa = PBXFileReference; lastKnownFileType = sourcecode.swift; path = MVitaConfigurationFactoryDevice.swift; sourceTree = "<group>"; };
		DAD3A0CC1F6D0D9000026CA9 /* vitaConfiguration.plist */ = {isa = PBXFileReference; lastKnownFileType = text.plist.xml; path = vitaConfiguration.plist; sourceTree = "<group>"; };
		DAD5897A1F6C16C40048D830 /* MHomeSession.swift */ = {isa = PBXFileReference; lastKnownFileType = sourcecode.swift; path = MHomeSession.swift; sourceTree = "<group>"; };
		DAD5897C1F6C27050048D830 /* MConnectingSocketUdpFactory.swift */ = {isa = PBXFileReference; lastKnownFileType = sourcecode.swift; path = MConnectingSocketUdpFactory.swift; sourceTree = "<group>"; };
		DAD799251F57C04E001D6A4C /* Arch.swift */ = {isa = PBXFileReference; lastKnownFileType = sourcecode.swift; path = Arch.swift; sourceTree = "<group>"; };
		DAD799271F57C085001D6A4C /* ArchConnect.swift */ = {isa = PBXFileReference; lastKnownFileType = sourcecode.swift; path = ArchConnect.swift; sourceTree = "<group>"; };
		DAD857861F6B42EE00728361 /* MConnectingSocketUdp.swift */ = {isa = PBXFileReference; lastKnownFileType = sourcecode.swift; path = MConnectingSocketUdp.swift; sourceTree = "<group>"; };
		DAD857881F6B443000728361 /* MConnectingSocketTcp.swift */ = {isa = PBXFileReference; lastKnownFileType = sourcecode.swift; path = MConnectingSocketTcp.swift; sourceTree = "<group>"; };
		DAD8578A1F6B4A7400728361 /* MConnectingSocketStart.swift */ = {isa = PBXFileReference; lastKnownFileType = sourcecode.swift; path = MConnectingSocketStart.swift; sourceTree = "<group>"; };
		DAD8578C1F6B4CFC00728361 /* MConnectingSocketUdpDelegate.swift */ = {isa = PBXFileReference; lastKnownFileType = sourcecode.swift; path = MConnectingSocketUdpDelegate.swift; sourceTree = "<group>"; };
		DAD8578E1F6B4E7900728361 /* MConnectingSocketTcpDelegate.swift */ = {isa = PBXFileReference; lastKnownFileType = sourcecode.swift; path = MConnectingSocketTcpDelegate.swift; sourceTree = "<group>"; };
		DAEE16081F5795CA00D9F6DD /* MMenu.swift */ = {isa = PBXFileReference; fileEncoding = 4; lastKnownFileType = sourcecode.swift; path = MMenu.swift; sourceTree = "<group>"; };
		DAEE16091F5795CA00D9F6DD /* MMenuFactory.swift */ = {isa = PBXFileReference; fileEncoding = 4; lastKnownFileType = sourcecode.swift; path = MMenuFactory.swift; sourceTree = "<group>"; };
		DAEE160A1F5795CA00D9F6DD /* MMenuItemProtocol.swift */ = {isa = PBXFileReference; fileEncoding = 4; lastKnownFileType = sourcecode.swift; path = MMenuItemProtocol.swift; sourceTree = "<group>"; };
		DAEE160B1F5795CA00D9F6DD /* MMenuOrder.swift */ = {isa = PBXFileReference; fileEncoding = 4; lastKnownFileType = sourcecode.swift; path = MMenuOrder.swift; sourceTree = "<group>"; };
		DAEE16111F579FB000D9F6DD /* CConnect.swift */ = {isa = PBXFileReference; lastKnownFileType = sourcecode.swift; path = CConnect.swift; sourceTree = "<group>"; };
		DAF0A4CC1F6C895C00E596E7 /* MConnectingSocketTcpMethodType.swift */ = {isa = PBXFileReference; lastKnownFileType = sourcecode.swift; path = MConnectingSocketTcpMethodType.swift; sourceTree = "<group>"; };
		DAF0A4D01F6C8C3B00E596E7 /* MConnectingSocketTcpMethodTypeFactory.swift */ = {isa = PBXFileReference; lastKnownFileType = sourcecode.swift; path = MConnectingSocketTcpMethodTypeFactory.swift; sourceTree = "<group>"; };
		DAF0A4D21F6C8DBF00E596E7 /* MConnectingSocketTcpMethodProtocol.swift */ = {isa = PBXFileReference; lastKnownFileType = sourcecode.swift; path = MConnectingSocketTcpMethodProtocol.swift; sourceTree = "<group>"; };
		DAF0A4D41F6C8DE900E596E7 /* MConnectingSocketTcpMethodShowpin.swift */ = {isa = PBXFileReference; lastKnownFileType = sourcecode.swift; path = MConnectingSocketTcpMethodShowpin.swift; sourceTree = "<group>"; };
		DAF0A4D61F6C8E0A00E596E7 /* MConnectingSocketTcpMethodRegister.swift */ = {isa = PBXFileReference; lastKnownFileType = sourcecode.swift; path = MConnectingSocketTcpMethodRegister.swift; sourceTree = "<group>"; };
		DAF0A4D81F6C8E8000E596E7 /* MConnectingSocketTcpMethodRegisterResult.swift */ = {isa = PBXFileReference; lastKnownFileType = sourcecode.swift; path = MConnectingSocketTcpMethodRegisterResult.swift; sourceTree = "<group>"; };
		DAF0A4DA1F6C8EE000E596E7 /* MConnectingSocketTcpMethodRegisterCancel.swift */ = {isa = PBXFileReference; lastKnownFileType = sourcecode.swift; path = MConnectingSocketTcpMethodRegisterCancel.swift; sourceTree = "<group>"; };
		DAF0A4DC1F6C8F6B00E596E7 /* MConnectingSocketTcpMethodConnect.swift */ = {isa = PBXFileReference; lastKnownFileType = sourcecode.swift; path = MConnectingSocketTcpMethodConnect.swift; sourceTree = "<group>"; };
		DAF0A4DE1F6C8F8900E596E7 /* MConnectingSocketTcpMethodStandby.swift */ = {isa = PBXFileReference; lastKnownFileType = sourcecode.swift; path = MConnectingSocketTcpMethodStandby.swift; sourceTree = "<group>"; };
		DAF0A4E01F6C9A5900E596E7 /* MConnectingSocketTcpStrategies.swift */ = {isa = PBXFileReference; lastKnownFileType = sourcecode.swift; path = MConnectingSocketTcpStrategies.swift; sourceTree = "<group>"; };
		DAF8A53B1F57A0860078A383 /* MConnect.swift */ = {isa = PBXFileReference; lastKnownFileType = sourcecode.swift; path = MConnect.swift; sourceTree = "<group>"; };
		DAF8A53E1F57A0BE0078A383 /* VConnect.swift */ = {isa = PBXFileReference; lastKnownFileType = sourcecode.swift; path = VConnect.swift; sourceTree = "<group>"; };
		DAFD698F1F692FD100D3B07B /* VConnectingStatus.swift */ = {isa = PBXFileReference; lastKnownFileType = sourcecode.swift; path = VConnectingStatus.swift; sourceTree = "<group>"; };
		DAFDA3C41F6996EA005AC320 /* MConnectingSocketFactory.swift */ = {isa = PBXFileReference; lastKnownFileType = sourcecode.swift; path = MConnectingSocketFactory.swift; sourceTree = "<group>"; };
		DAFDA3C81F699C11005AC320 /* VConnectingError.swift */ = {isa = PBXFileReference; lastKnownFileType = sourcecode.swift; path = VConnectingError.swift; sourceTree = "<group>"; };
		DAFDA3CA1F699C7F005AC320 /* MConnectingStatusError.swift */ = {isa = PBXFileReference; lastKnownFileType = sourcecode.swift; path = MConnectingStatusError.swift; sourceTree = "<group>"; };
		DAFFC4B31F68B3ED00F27ADD /* VConnectWalk.swift */ = {isa = PBXFileReference; lastKnownFileType = sourcecode.swift; path = VConnectWalk.swift; sourceTree = "<group>"; };
		DAFFC4B51F68B3F700F27ADD /* VConnectWalkCell.swift */ = {isa = PBXFileReference; lastKnownFileType = sourcecode.swift; path = VConnectWalkCell.swift; sourceTree = "<group>"; };
		DAFFC4B71F68B40400F27ADD /* VConnectStart.swift */ = {isa = PBXFileReference; lastKnownFileType = sourcecode.swift; path = VConnectStart.swift; sourceTree = "<group>"; };
		DAFFC4B91F68B74300F27ADD /* VConnectingLoading.swift */ = {isa = PBXFileReference; lastKnownFileType = sourcecode.swift; path = VConnectingLoading.swift; sourceTree = "<group>"; };
		DAFFC4BF1F68C4AF00F27ADD /* VConnectingPin.swift */ = {isa = PBXFileReference; lastKnownFileType = sourcecode.swift; path = VConnectingPin.swift; sourceTree = "<group>"; };
		DAFFC4C31F68CBE700F27ADD /* VConnectingPinList.swift */ = {isa = PBXFileReference; lastKnownFileType = sourcecode.swift; path = VConnectingPinList.swift; sourceTree = "<group>"; };
		DAFFC4C51F68CC5100F27ADD /* VConnectingPinListCell.swift */ = {isa = PBXFileReference; lastKnownFileType = sourcecode.swift; path = VConnectingPinListCell.swift; sourceTree = "<group>"; };
		E74F9EC63AF89F55551AC9BB /* Pods-velvetRoom.debug.xcconfig */ = {isa = PBXFileReference; includeInIndex = 1; lastKnownFileType = text.xcconfig; name = "Pods-velvetRoom.debug.xcconfig"; path = "Pods/Target Support Files/Pods-velvetRoom/Pods-velvetRoom.debug.xcconfig"; sourceTree = "<group>"; };
		F83CD0193CB37551566B8FD1 /* Pods-velvetRoom.release.xcconfig */ = {isa = PBXFileReference; includeInIndex = 1; lastKnownFileType = text.xcconfig; name = "Pods-velvetRoom.release.xcconfig"; path = "Pods/Target Support Files/Pods-velvetRoom/Pods-velvetRoom.release.xcconfig"; sourceTree = "<group>"; };
/* End PBXFileReference section */

/* Begin PBXFrameworksBuildPhase section */
		DA27F70A1F5788E300CCDDDB /* Frameworks */ = {
			isa = PBXFrameworksBuildPhase;
			buildActionMask = 2147483647;
			files = (
				069A33081CE75F84472262EF /* Pods_velvetRoom.framework in Frameworks */,
			);
			runOnlyForDeploymentPostprocessing = 0;
		};
/* End PBXFrameworksBuildPhase section */

/* Begin PBXGroup section */
		8ADC42E216829E32F57AFCE1 /* Pods */ = {
			isa = PBXGroup;
			children = (
				E74F9EC63AF89F55551AC9BB /* Pods-velvetRoom.debug.xcconfig */,
				F83CD0193CB37551566B8FD1 /* Pods-velvetRoom.release.xcconfig */,
			);
			name = Pods;
			sourceTree = "<group>";
		};
		DA27D0E71F5ABC000037AD7B /* Frameworks */ = {
			isa = PBXGroup;
			children = (
				163EC89E0FEC040D426CCB4C /* Pods_velvetRoom.framework */,
			);
			name = Frameworks;
			sourceTree = "<group>";
		};
		DA27F7041F5788E300CCDDDB = {
			isa = PBXGroup;
			children = (
				DA8B7DD71F578E7C004EEE23 /* Source */,
				DA8B7DDF1F578E7C004EEE23 /* Assets */,
				DA8B7DD61F578E7C004EEE23 /* Design */,
				DA8B7DCF1F578E7C004EEE23 /* Resources */,
				DA27D0EA1F5ABC000037AD7B /* velvetRoom.entitlements */,
				DA8B7DE01F578E7C004EEE23 /* Info.plist */,
				DA5C66591F5CE4F80006B049 /* Podfile */,
				DA8B7DCE1F578E7C004EEE23 /* LICENSE */,
				DA8B7DE11F578E7C004EEE23 /* README.md */,
				DA27F70E1F5788E300CCDDDB /* Products */,
				DA27D0E71F5ABC000037AD7B /* Frameworks */,
				8ADC42E216829E32F57AFCE1 /* Pods */,
			);
			sourceTree = "<group>";
		};
		DA27F70E1F5788E300CCDDDB /* Products */ = {
			isa = PBXGroup;
			children = (
				DA27F70D1F5788E300CCDDDB /* velvetRoom.app */,
			);
			name = Products;
			sourceTree = "<group>";
		};
		DA4D19461F69F7E40079EB70 /* Vita */ = {
			isa = PBXGroup;
			children = (
				DA4D19471F69F8CD0079EB70 /* MVitaConfiguration.swift */,
				DA76226E1F6BE8F00049195B /* MVitaConfigurationBroadcast.swift */,
				DAD3A0C81F6D0B8F00026CA9 /* MVitaConfigurationDevice.swift */,
				DA4D19491F69F9190079EB70 /* MVitaConfigurationFactory.swift */,
				DAD3A0BC1F6CF08000026CA9 /* MVitaConfigurationFactoryKeys.swift */,
				DAD3A0BE1F6CF0D000026CA9 /* MVitaConfigurationFactoryTools.swift */,
				DAD3A0C01F6CF19500026CA9 /* MVitaConfigurationFactoryBroadcast.swift */,
				DAD3A0CA1F6D0C0A00026CA9 /* MVitaConfigurationFactoryDevice.swift */,
				DAD3A0C41F6CFE6400026CA9 /* MVitaDevice.swift */,
				DAD3A0C61F6D05E500026CA9 /* MVitaDeviceFactory.swift */,
				DA03CF851F6DEB2D001AE828 /* MVitaLink.swift */,
				DA03CF871F6DEE16001AE828 /* MVitaLinkCommand.swift */,
			);
			path = Vita;
			sourceTree = "<group>";
		};
		DA7622701F6BF2500049195B /* Manager */ = {
			isa = PBXGroup;
			children = (
				DA7622711F6BF2500049195B /* Database.swift */,
				DA7622721F6BF2500049195B /* DatabaseFactory.swift */,
			);
			path = Manager;
			sourceTree = "<group>";
		};
		DA7622731F6BF2500049195B /* Object */ = {
			isa = PBXGroup;
			children = (
				DA7ABF6B1F6BFC140092B797 /* DAccount.swift */,
			);
			path = Object;
			sourceTree = "<group>";
		};
		DA7622741F6BF2500049195B /* Model */ = {
			isa = PBXGroup;
			children = (
				DA7ABF681F6BFB3C0092B797 /* DVelvetRoom.xcdatamodeld */,
			);
			path = Model;
			sourceTree = "<group>";
		};
		DA7ABF6D1F6C01250092B797 /* Home */ = {
			isa = PBXGroup;
			children = (
				DA7ABF6E1F6C01370092B797 /* VHome.swift */,
			);
			path = Home;
			sourceTree = "<group>";
		};
		DA7ABF701F6C015B0092B797 /* Home */ = {
			isa = PBXGroup;
			children = (
				DA7ABF711F6C01670092B797 /* MHome.swift */,
				DAD5897A1F6C16C40048D830 /* MHomeSession.swift */,
			);
			path = Home;
			sourceTree = "<group>";
		};
		DA7ABF731F6C01810092B797 /* Home */ = {
			isa = PBXGroup;
			children = (
				DA7ABF741F6C018B0092B797 /* CHome.swift */,
			);
			path = Home;
			sourceTree = "<group>";
		};
		DA8B7DCF1F578E7C004EEE23 /* Resources */ = {
			isa = PBXGroup;
			children = (
				DA8B7DE81F578F1A004EEE23 /* infoPlist.strings */,
				DA8B7DD01F578E7C004EEE23 /* LocalizableController.strings */,
				DA8B7DD21F578E7C004EEE23 /* LocalizableModel.strings */,
				DA8B7DD41F578E7C004EEE23 /* LocalizableView.strings */,
				DAD3A0CC1F6D0D9000026CA9 /* vitaConfiguration.plist */,
			);
			path = Resources;
			sourceTree = "<group>";
		};
		DA8B7DD61F578E7C004EEE23 /* Design */ = {
			isa = PBXGroup;
			children = (
				DA16C70C1F5898830062D37A /* velvetRoom.sketch */,
			);
			path = Design;
			sourceTree = "<group>";
		};
		DA8B7DD71F578E7C004EEE23 /* Source */ = {
			isa = PBXGroup;
			children = (
				DAD799241F57C03D001D6A4C /* Architecture */,
				DA8B7DD81F578E7C004EEE23 /* Controller */,
				DA8B7DDD1F578E7C004EEE23 /* Model */,
				DA8B7DDE1F578E7C004EEE23 /* View */,
				DA8B7DD91F578E7C004EEE23 /* CoreData */,
				DA8B7DDA1F578E7C004EEE23 /* Firebase */,
				DA8B7DDC1F578E7C004EEE23 /* GenericExtensions */,
			);
			path = Source;
			sourceTree = "<group>";
		};
		DA8B7DD81F578E7C004EEE23 /* Controller */ = {
			isa = PBXGroup;
			children = (
				DA8B7E071F57929B004EEE23 /* Abstract */,
				DA7ABF731F6C01810092B797 /* Home */,
				DAEE16101F579F3B00D9F6DD /* Connect */,
				DABF34B41F68A8B3001CF436 /* Connecting */,
			);
			path = Controller;
			sourceTree = "<group>";
		};
		DA8B7DD91F578E7C004EEE23 /* CoreData */ = {
			isa = PBXGroup;
			children = (
				DA7622701F6BF2500049195B /* Manager */,
				DA7622741F6BF2500049195B /* Model */,
				DA7622731F6BF2500049195B /* Object */,
			);
			path = CoreData;
			sourceTree = "<group>";
		};
		DA8B7DDA1F578E7C004EEE23 /* Firebase */ = {
			isa = PBXGroup;
			children = (
				DA8B7DDB1F578E7C004EEE23 /* Database */,
			);
			path = Firebase;
			sourceTree = "<group>";
		};
		DA8B7DDB1F578E7C004EEE23 /* Database */ = {
			isa = PBXGroup;
			children = (
			);
			path = Database;
			sourceTree = "<group>";
		};
		DA8B7DDC1F578E7C004EEE23 /* GenericExtensions */ = {
			isa = PBXGroup;
			children = (
				DA8B7DF51F579036004EEE23 /* ExtensionCGImage.swift */,
				DA8B7DF81F579037004EEE23 /* ExtensionData.swift */,
				DA8B7DF61F579037004EEE23 /* ExtensionDictionary.swift */,
				DA8B7DF31F579036004EEE23 /* ExtensionFileManager.swift */,
				DA8B7DF71F579037004EEE23 /* ExtensionNotification.swift */,
				DA8B7DF01F579036004EEE23 /* ExtensionNSLayoutConstraint.swift */,
				DA8B7DED1F579035004EEE23 /* ExtensionNSManagedObject.swift */,
				DA8B7DF41F579036004EEE23 /* ExtensionString.swift */,
				DA8B7DEE1F579036004EEE23 /* ExtensionUICollectionReusableView.swift */,
				DA8B7DF91F579037004EEE23 /* ExtensionUIColor.swift */,
				DA8B7DF21F579036004EEE23 /* ExtensionUIFont.swift */,
				DA8B7DF11F579036004EEE23 /* ExtensionURL.swift */,
				DA8B7DEF1F579036004EEE23 /* ExtensionURLResponse.swift */,
			);
			path = GenericExtensions;
			sourceTree = "<group>";
		};
		DA8B7DDD1F578E7C004EEE23 /* Model */ = {
			isa = PBXGroup;
			children = (
				DA8B7E141F579308004EEE23 /* Abstract */,
				DAEE16071F5795CA00D9F6DD /* Menu */,
				DA7ABF701F6C015B0092B797 /* Home */,
				DA4D19461F69F7E40079EB70 /* Vita */,
				DAF8A53A1F57A0770078A383 /* Connect */,
				DABF34B71F68A8F0001CF436 /* Connecting */,
			);
			path = Model;
			sourceTree = "<group>";
		};
		DA8B7DDE1F578E7C004EEE23 /* View */ = {
			isa = PBXGroup;
			children = (
				DA8B7E171F579344004EEE23 /* Abstract */,
				DA8B7E2C1F579369004EEE23 /* Basic */,
				DA7ABF6D1F6C01250092B797 /* Home */,
				DAF8A53D1F57A0AE0078A383 /* Connect */,
				DABF34BA1F68A922001CF436 /* Connecting */,
			);
			path = View;
			sourceTree = "<group>";
		};
		DA8B7DDF1F578E7C004EEE23 /* Assets */ = {
			isa = PBXGroup;
			children = (
				DA8B7DEB1F578F56004EEE23 /* LaunchScreen.storyboard */,
				DA16C70A1F5898410062D37A /* generic.xcassets */,
				DA1A1BCC1F67255A00E8B084 /* brand.xcassets */,
				DA1A1BD21F67379900E8B084 /* connect.xcassets */,
				DABF34A81F68968A001CF436 /* spinner.xcassets */,
			);
			path = Assets;
			sourceTree = "<group>";
		};
		DA8B7E071F57929B004EEE23 /* Abstract */ = {
			isa = PBXGroup;
			children = (
				DA8B7E081F57929B004EEE23 /* AppDelegate.swift */,
				DA8B7E091F57929B004EEE23 /* Controller.swift */,
				DA8B7E0A1F57929B004EEE23 /* ControllerParent.swift */,
				DA8B7E0B1F57929B004EEE23 /* ControllerParentMenu.swift */,
				DA8B7E0C1F57929B004EEE23 /* ControllerParentOrientation.swift */,
				DA8B7E0D1F57929B004EEE23 /* ControllerParentTransitions.swift */,
				DA4A3C351F59BF3A001E4B9C /* velvetRoom-Bridging-Header.h */,
			);
			path = Abstract;
			sourceTree = "<group>";
		};
		DA8B7E141F579308004EEE23 /* Abstract */ = {
			isa = PBXGroup;
			children = (
				DA8B7E151F579308004EEE23 /* Model.swift */,
			);
			path = Abstract;
			sourceTree = "<group>";
		};
		DA8B7E171F579344004EEE23 /* Abstract */ = {
			isa = PBXGroup;
			children = (
				DA8B7E181F579344004EEE23 /* Basic */,
				DA8B7E1F1F579344004EEE23 /* Generic */,
			);
			path = Abstract;
			sourceTree = "<group>";
		};
		DA8B7E181F579344004EEE23 /* Basic */ = {
			isa = PBXGroup;
			children = (
				DA8B7E191F579344004EEE23 /* View.swift */,
				DA8B7E1A1F579344004EEE23 /* ViewMain.swift */,
				DA8B7E1B1F579344004EEE23 /* ViewParent.swift */,
				DA8B7E1C1F579344004EEE23 /* ViewParentGesture.swift */,
				DA8B7E1D1F579344004EEE23 /* ViewParentTransitions.swift */,
				DA8B7E1E1F579344004EEE23 /* ViewProtocol.swift */,
			);
			path = Basic;
			sourceTree = "<group>";
		};
		DA8B7E1F1F579344004EEE23 /* Generic */ = {
			isa = PBXGroup;
			children = (
				DA8B7E201F579344004EEE23 /* VMenu.swift */,
				DA8B7E221F579344004EEE23 /* VMenuCollection.swift */,
				DA8B7E211F579344004EEE23 /* VMenuCell.swift */,
			);
			path = Generic;
			sourceTree = "<group>";
		};
		DA8B7E2C1F579369004EEE23 /* Basic */ = {
			isa = PBXGroup;
			children = (
				DA8B7E2D1F579369004EEE23 /* VAlert.swift */,
				DA8B7E2E1F579369004EEE23 /* VBlur.swift */,
				DA8B7E2F1F579369004EEE23 /* VBorder.swift */,
				DA8B7E301F579369004EEE23 /* VCollection.swift */,
				DA8B7E311F579369004EEE23 /* VCollectionFlow.swift */,
				DA8B7E321F579369004EEE23 /* VGradient.swift */,
				DA8B7E331F579369004EEE23 /* VPushBackground.swift */,
				DA8B7E341F579369004EEE23 /* VSlider.swift */,
				DA8B7E351F579369004EEE23 /* VSliderBar.swift */,
				DA8B7E361F579369004EEE23 /* VSpinner.swift */,
				DA8B7E371F579369004EEE23 /* VToast.swift */,
			);
			path = Basic;
			sourceTree = "<group>";
		};
		DA9751341F69938A00DBC757 /* Socket */ = {
			isa = PBXGroup;
			children = (
				DA97514B1F6993BA00DBC757 /* MConnectingSocket.swift */,
				DAD8578A1F6B4A7400728361 /* MConnectingSocketStart.swift */,
				DAFDA3C41F6996EA005AC320 /* MConnectingSocketFactory.swift */,
				DAD857861F6B42EE00728361 /* MConnectingSocketUdp.swift */,
				DAD5897C1F6C27050048D830 /* MConnectingSocketUdpFactory.swift */,
				DAD8578C1F6B4CFC00728361 /* MConnectingSocketUdpDelegate.swift */,
				DAD857881F6B443000728361 /* MConnectingSocketTcp.swift */,
				DAF0A4E01F6C9A5900E596E7 /* MConnectingSocketTcpStrategies.swift */,
				DAF0A4CC1F6C895C00E596E7 /* MConnectingSocketTcpMethodType.swift */,
				DAF0A4D01F6C8C3B00E596E7 /* MConnectingSocketTcpMethodTypeFactory.swift */,
				DAD8578E1F6B4E7900728361 /* MConnectingSocketTcpDelegate.swift */,
				DAF0A4D21F6C8DBF00E596E7 /* MConnectingSocketTcpMethodProtocol.swift */,
				DAF0A4D41F6C8DE900E596E7 /* MConnectingSocketTcpMethodShowpin.swift */,
				DAF0A4D61F6C8E0A00E596E7 /* MConnectingSocketTcpMethodRegister.swift */,
				DAF0A4D81F6C8E8000E596E7 /* MConnectingSocketTcpMethodRegisterResult.swift */,
				DAF0A4DA1F6C8EE000E596E7 /* MConnectingSocketTcpMethodRegisterCancel.swift */,
				DAF0A4DC1F6C8F6B00E596E7 /* MConnectingSocketTcpMethodConnect.swift */,
				DAF0A4DE1F6C8F8900E596E7 /* MConnectingSocketTcpMethodStandby.swift */,
			);
			path = Socket;
			sourceTree = "<group>";
		};
		DA9751351F69938A00DBC757 /* Status */ = {
			isa = PBXGroup;
			children = (
				DA9751391F69938A00DBC757 /* MConnectingStatusProtocol.swift */,
				DA9751371F69938A00DBC757 /* MConnectingStatusLoading.swift */,
				DA9751381F69938A00DBC757 /* MConnectingStatusPin.swift */,
				DA97513A1F69938A00DBC757 /* MConnectingStatusTimeout.swift */,
				DAFDA3CA1F699C7F005AC320 /* MConnectingStatusError.swift */,
			);
			path = Status;
			sourceTree = "<group>";
		};
		DA97513B1F69938A00DBC757 /* Abstract */ = {
			isa = PBXGroup;
			children = (
				DA97513C1F69938A00DBC757 /* MConnecting.swift */,
				DA9751521F69944700DBC757 /* MConnectingStatus.swift */,
				DA97513D1F69938A00DBC757 /* MConnectingActions.swift */,
			);
			path = Abstract;
			sourceTree = "<group>";
		};
		DA97514D1F69940C00DBC757 /* Models */ = {
			isa = PBXGroup;
			children = (
				DA97514E1F69940C00DBC757 /* MConnectingPin.swift */,
				DAD3A0C21F6CF53800026CA9 /* MConnectingPinFactory.swift */,
				DA97514F1F69940C00DBC757 /* MConnectingTimer.swift */,
			);
			path = Models;
			sourceTree = "<group>";
		};
		DABF34B41F68A8B3001CF436 /* Connecting */ = {
			isa = PBXGroup;
			children = (
				DABF34B51F68A8C5001CF436 /* CConnecting.swift */,
			);
			path = Connecting;
			sourceTree = "<group>";
		};
		DABF34B71F68A8F0001CF436 /* Connecting */ = {
			isa = PBXGroup;
			children = (
				DA97513B1F69938A00DBC757 /* Abstract */,
				DA97514D1F69940C00DBC757 /* Models */,
				DA9751341F69938A00DBC757 /* Socket */,
				DA9751351F69938A00DBC757 /* Status */,
			);
			path = Connecting;
			sourceTree = "<group>";
		};
		DABF34BA1F68A922001CF436 /* Connecting */ = {
			isa = PBXGroup;
			children = (
				DABF34BB1F68A932001CF436 /* VConnecting.swift */,
				DAFD698F1F692FD100D3B07B /* VConnectingStatus.swift */,
				DAFFC4B91F68B74300F27ADD /* VConnectingLoading.swift */,
				DAFFC4BF1F68C4AF00F27ADD /* VConnectingPin.swift */,
				DAFFC4C31F68CBE700F27ADD /* VConnectingPinList.swift */,
				DAFFC4C51F68CC5100F27ADD /* VConnectingPinListCell.swift */,
				DA97512A1F69730700DBC757 /* VConnectingTimeout.swift */,
				DAFDA3C81F699C11005AC320 /* VConnectingError.swift */,
			);
			path = Connecting;
			sourceTree = "<group>";
		};
		DAD799241F57C03D001D6A4C /* Architecture */ = {
			isa = PBXGroup;
			children = (
				DAD799251F57C04E001D6A4C /* Arch.swift */,
				DAD799271F57C085001D6A4C /* ArchConnect.swift */,
				DABF34B21F68A896001CF436 /* ArchConnecting.swift */,
				DA7ABF761F6C01AB0092B797 /* ArchHome.swift */,
			);
			path = Architecture;
			sourceTree = "<group>";
		};
		DAEE16071F5795CA00D9F6DD /* Menu */ = {
			isa = PBXGroup;
			children = (
				DAEE16081F5795CA00D9F6DD /* MMenu.swift */,
				DAEE16091F5795CA00D9F6DD /* MMenuFactory.swift */,
				DAEE160B1F5795CA00D9F6DD /* MMenuOrder.swift */,
				DAEE160A1F5795CA00D9F6DD /* MMenuItemProtocol.swift */,
				DA16C7081F5888CF0062D37A /* MMenuItemConnect.swift */,
				DA7ABF781F6C02170092B797 /* MMenuItemHome.swift */,
			);
			path = Menu;
			sourceTree = "<group>";
		};
		DAEE16101F579F3B00D9F6DD /* Connect */ = {
			isa = PBXGroup;
			children = (
				DAEE16111F579FB000D9F6DD /* CConnect.swift */,
			);
			path = Connect;
			sourceTree = "<group>";
		};
		DAF8A53A1F57A0770078A383 /* Connect */ = {
			isa = PBXGroup;
			children = (
				DAF8A53B1F57A0860078A383 /* MConnect.swift */,
				DA1A1BD81F6738F600E8B084 /* MConnectFactory.swift */,
				DA1A1BD41F67388F00E8B084 /* MConnectWalkProtocol.swift */,
				DA1A1BD61F6738CC00E8B084 /* MConnectWalkCover.swift */,
				DA1A77611F683A1900947FD0 /* MConnectWalkWifi.swift */,
				DA1A77631F68428200947FD0 /* MConnectWalkCma.swift */,
				DA9FC4E11F5E79F4009B2D98 /* MConnect2.swift */,
				DA5D1A291F5FB4C600FAF140 /* MConnectConnected.swift */,
				DA57E3361F635F2F00B3EA73 /* PTPDelegate.swift */,
				DA57E3381F649BC100B3EA73 /* PTPDelegateWrite.swift */,
				DA04ABB51F65D6AE0077CA06 /* PTPEventDelegate.swift */,
				DA04ABB71F65EA3D0077CA06 /* PTPDelegate2.swift */,
			);
			path = Connect;
			sourceTree = "<group>";
		};
		DAF8A53D1F57A0AE0078A383 /* Connect */ = {
			isa = PBXGroup;
			children = (
				DAF8A53E1F57A0BE0078A383 /* VConnect.swift */,
				DAFFC4B31F68B3ED00F27ADD /* VConnectWalk.swift */,
				DAFFC4B51F68B3F700F27ADD /* VConnectWalkCell.swift */,
				DAFFC4B71F68B40400F27ADD /* VConnectStart.swift */,
			);
			path = Connect;
			sourceTree = "<group>";
		};
/* End PBXGroup section */

/* Begin PBXNativeTarget section */
		DA27F70C1F5788E300CCDDDB /* velvetRoom */ = {
			isa = PBXNativeTarget;
			buildConfigurationList = DA27F71F1F5788E300CCDDDB /* Build configuration list for PBXNativeTarget "velvetRoom" */;
			buildPhases = (
				B49268CB74796453615F4E59 /* [CP] Check Pods Manifest.lock */,
				DA27F7091F5788E300CCDDDB /* Sources */,
				DA27F70A1F5788E300CCDDDB /* Frameworks */,
				DA27F70B1F5788E300CCDDDB /* Resources */,
				2789E23DFAF07B7E2BF96179 /* [CP] Embed Pods Frameworks */,
				B4A509028F88205E73D92F6E /* [CP] Copy Pods Resources */,
			);
			buildRules = (
			);
			dependencies = (
			);
			name = velvetRoom;
			productName = velvetRoom;
			productReference = DA27F70D1F5788E300CCDDDB /* velvetRoom.app */;
			productType = "com.apple.product-type.application";
		};
/* End PBXNativeTarget section */

/* Begin PBXProject section */
		DA27F7051F5788E300CCDDDB /* Project object */ = {
			isa = PBXProject;
			attributes = {
				LastSwiftUpdateCheck = 0900;
				LastUpgradeCheck = 0900;
				ORGANIZATIONNAME = iturbide;
				TargetAttributes = {
					DA27F70C1F5788E300CCDDDB = {
						CreatedOnToolsVersion = 9.0;
						LastSwiftMigration = 0900;
						ProvisioningStyle = Automatic;
						SystemCapabilities = {
							com.apple.NetworkExtensions.iOS = {
								enabled = 0;
							};
						};
					};
				};
			};
			buildConfigurationList = DA27F7081F5788E300CCDDDB /* Build configuration list for PBXProject "velvetRoom" */;
			compatibilityVersion = "Xcode 8.0";
			developmentRegion = en;
			hasScannedForEncodings = 0;
			knownRegions = (
				en,
			);
			mainGroup = DA27F7041F5788E300CCDDDB;
			productRefGroup = DA27F70E1F5788E300CCDDDB /* Products */;
			projectDirPath = "";
			projectRoot = "";
			targets = (
				DA27F70C1F5788E300CCDDDB /* velvetRoom */,
			);
		};
/* End PBXProject section */

/* Begin PBXResourcesBuildPhase section */
		DA27F70B1F5788E300CCDDDB /* Resources */ = {
			isa = PBXResourcesBuildPhase;
			buildActionMask = 2147483647;
			files = (
				DA1A1BCD1F67255A00E8B084 /* brand.xcassets in Resources */,
				DA8B7DE51F578E7D004EEE23 /* LocalizableView.strings in Resources */,
				DA8B7DEA1F578F1B004EEE23 /* infoPlist.strings in Resources */,
				DA8B7DE31F578E7D004EEE23 /* LocalizableController.strings in Resources */,
				DABF34A91F68968A001CF436 /* spinner.xcassets in Resources */,
				DAD3A0CD1F6D0D9000026CA9 /* vitaConfiguration.plist in Resources */,
				DA16C70B1F5898410062D37A /* generic.xcassets in Resources */,
				DA8B7DEC1F578F56004EEE23 /* LaunchScreen.storyboard in Resources */,
				DA1A1BD31F67379900E8B084 /* connect.xcassets in Resources */,
				DA8B7DE41F578E7D004EEE23 /* LocalizableModel.strings in Resources */,
			);
			runOnlyForDeploymentPostprocessing = 0;
		};
/* End PBXResourcesBuildPhase section */

/* Begin PBXShellScriptBuildPhase section */
		2789E23DFAF07B7E2BF96179 /* [CP] Embed Pods Frameworks */ = {
			isa = PBXShellScriptBuildPhase;
			buildActionMask = 2147483647;
			files = (
			);
			inputPaths = (
				"${SRCROOT}/Pods/Target Support Files/Pods-velvetRoom/Pods-velvetRoom-frameworks.sh",
				"${BUILT_PRODUCTS_DIR}/CocoaAsyncSocket/CocoaAsyncSocket.framework",
			);
			name = "[CP] Embed Pods Frameworks";
			outputPaths = (
				"${TARGET_BUILD_DIR}/${FRAMEWORKS_FOLDER_PATH}/CocoaAsyncSocket.framework",
			);
			runOnlyForDeploymentPostprocessing = 0;
			shellPath = /bin/sh;
			shellScript = "\"${SRCROOT}/Pods/Target Support Files/Pods-velvetRoom/Pods-velvetRoom-frameworks.sh\"\n";
			showEnvVarsInLog = 0;
		};
		B49268CB74796453615F4E59 /* [CP] Check Pods Manifest.lock */ = {
			isa = PBXShellScriptBuildPhase;
			buildActionMask = 2147483647;
			files = (
			);
			inputPaths = (
				"${PODS_PODFILE_DIR_PATH}/Podfile.lock",
				"${PODS_ROOT}/Manifest.lock",
			);
			name = "[CP] Check Pods Manifest.lock";
			outputPaths = (
				"$(DERIVED_FILE_DIR)/Pods-velvetRoom-checkManifestLockResult.txt",
			);
			runOnlyForDeploymentPostprocessing = 0;
			shellPath = /bin/sh;
			shellScript = "diff \"${PODS_PODFILE_DIR_PATH}/Podfile.lock\" \"${PODS_ROOT}/Manifest.lock\" > /dev/null\nif [ $? != 0 ] ; then\n    # print error to STDERR\n    echo \"error: The sandbox is not in sync with the Podfile.lock. Run 'pod install' or update your CocoaPods installation.\" >&2\n    exit 1\nfi\n# This output is used by Xcode 'outputs' to avoid re-running this script phase.\necho \"SUCCESS\" > \"${SCRIPT_OUTPUT_FILE_0}\"\n";
			showEnvVarsInLog = 0;
		};
		B4A509028F88205E73D92F6E /* [CP] Copy Pods Resources */ = {
			isa = PBXShellScriptBuildPhase;
			buildActionMask = 2147483647;
			files = (
			);
			inputPaths = (
			);
			name = "[CP] Copy Pods Resources";
			outputPaths = (
			);
			runOnlyForDeploymentPostprocessing = 0;
			shellPath = /bin/sh;
			shellScript = "\"${SRCROOT}/Pods/Target Support Files/Pods-velvetRoom/Pods-velvetRoom-resources.sh\"\n";
			showEnvVarsInLog = 0;
		};
/* End PBXShellScriptBuildPhase section */

/* Begin PBXSourcesBuildPhase section */
		DA27F7091F5788E300CCDDDB /* Sources */ = {
			isa = PBXSourcesBuildPhase;
			buildActionMask = 2147483647;
			files = (
				DA8B7E131F57929C004EEE23 /* ControllerParentTransitions.swift in Sources */,
				DA7ABF771F6C01AB0092B797 /* ArchHome.swift in Sources */,
				DA7ABF6F1F6C01370092B797 /* VHome.swift in Sources */,
				DAEE160D1F5795CA00D9F6DD /* MMenuFactory.swift in Sources */,
				DA8B7E381F579369004EEE23 /* VAlert.swift in Sources */,
				DA8B7E0F1F57929C004EEE23 /* Controller.swift in Sources */,
				DA5D1A2A1F5FB4C600FAF140 /* MConnectConnected.swift in Sources */,
				DA8B7E021F579037004EEE23 /* ExtensionCGImage.swift in Sources */,
				DA9751461F69938A00DBC757 /* MConnecting.swift in Sources */,
				DAD3A0BD1F6CF08000026CA9 /* MVitaConfigurationFactoryKeys.swift in Sources */,
				DAEE160C1F5795CA00D9F6DD /* MMenu.swift in Sources */,
				DA97514C1F6993BA00DBC757 /* MConnectingSocket.swift in Sources */,
				DAFDA3CB1F699C7F005AC320 /* MConnectingStatusError.swift in Sources */,
				DAD3A0C51F6CFE6400026CA9 /* MVitaDevice.swift in Sources */,
				DA7ABF721F6C01670092B797 /* MHome.swift in Sources */,
				DA8B7E251F579344004EEE23 /* ViewParent.swift in Sources */,
				DAF0A4DD1F6C8F6B00E596E7 /* MConnectingSocketTcpMethodConnect.swift in Sources */,
				DAF0A4D71F6C8E0A00E596E7 /* MConnectingSocketTcpMethodRegister.swift in Sources */,
				DA8B7E281F579344004EEE23 /* ViewProtocol.swift in Sources */,
				DAD3A0C31F6CF53800026CA9 /* MConnectingPinFactory.swift in Sources */,
				DA9FC4E21F5E79F4009B2D98 /* MConnect2.swift in Sources */,
				DAD3A0BF1F6CF0D000026CA9 /* MVitaConfigurationFactoryTools.swift in Sources */,
				DA8B7DFF1F579037004EEE23 /* ExtensionUIFont.swift in Sources */,
				DA1A77641F68428200947FD0 /* MConnectWalkCma.swift in Sources */,
				DAD5897B1F6C16C40048D830 /* MHomeSession.swift in Sources */,
				DAD8578B1F6B4A7400728361 /* MConnectingSocketStart.swift in Sources */,
				DAFD69901F692FD100D3B07B /* VConnectingStatus.swift in Sources */,
				DAFFC4C01F68C4AF00F27ADD /* VConnectingPin.swift in Sources */,
				DA1A1BD71F6738CC00E8B084 /* MConnectWalkCover.swift in Sources */,
				DAD857871F6B42EE00728361 /* MConnectingSocketUdp.swift in Sources */,
				DA8B7E2B1F579344004EEE23 /* VMenuCollection.swift in Sources */,
				DAF8A53C1F57A0860078A383 /* MConnect.swift in Sources */,
				DA9751431F69938A00DBC757 /* MConnectingStatusPin.swift in Sources */,
				DAF0A4D31F6C8DBF00E596E7 /* MConnectingSocketTcpMethodProtocol.swift in Sources */,
				DA76226F1F6BE8F00049195B /* MVitaConfigurationBroadcast.swift in Sources */,
				DAFFC4B41F68B3ED00F27ADD /* VConnectWalk.swift in Sources */,
				DAF0A4D51F6C8DE900E596E7 /* MConnectingSocketTcpMethodShowpin.swift in Sources */,
				DA8B7E3B1F579369004EEE23 /* VCollection.swift in Sources */,
				DA8B7E111F57929C004EEE23 /* ControllerParentMenu.swift in Sources */,
				DAFFC4B81F68B40400F27ADD /* VConnectStart.swift in Sources */,
				DAD3A0C11F6CF19500026CA9 /* MVitaConfigurationFactoryBroadcast.swift in Sources */,
				DAFFC4C61F68CC5100F27ADD /* VConnectingPinListCell.swift in Sources */,
				DA7622751F6BF2500049195B /* Database.swift in Sources */,
				DABF34BC1F68A932001CF436 /* VConnecting.swift in Sources */,
				DA1A1BD91F6738F600E8B084 /* MConnectFactory.swift in Sources */,
				DA8B7E261F579344004EEE23 /* ViewParentGesture.swift in Sources */,
				DAEE16121F579FB000D9F6DD /* CConnect.swift in Sources */,
				DAF0A4CD1F6C895C00E596E7 /* MConnectingSocketTcpMethodType.swift in Sources */,
				DAD857891F6B443000728361 /* MConnectingSocketTcp.swift in Sources */,
				DAFDA3C51F6996EA005AC320 /* MConnectingSocketFactory.swift in Sources */,
				DA7622761F6BF2500049195B /* DatabaseFactory.swift in Sources */,
				DAEE160F1F5795CA00D9F6DD /* MMenuOrder.swift in Sources */,
				DA9751441F69938A00DBC757 /* MConnectingStatusProtocol.swift in Sources */,
				DABF34B61F68A8C5001CF436 /* CConnecting.swift in Sources */,
				DA8B7E271F579344004EEE23 /* ViewParentTransitions.swift in Sources */,
				DA8B7E231F579344004EEE23 /* View.swift in Sources */,
				DA7ABF6C1F6BFC140092B797 /* DAccount.swift in Sources */,
				DAD3A0C71F6D05E500026CA9 /* MVitaDeviceFactory.swift in Sources */,
				DA8B7E401F579369004EEE23 /* VSliderBar.swift in Sources */,
				DAD799261F57C04E001D6A4C /* Arch.swift in Sources */,
				DA8B7DFA1F579037004EEE23 /* ExtensionNSManagedObject.swift in Sources */,
				DAFFC4C41F68CBE700F27ADD /* VConnectingPinList.swift in Sources */,
				DAF0A4D91F6C8E8000E596E7 /* MConnectingSocketTcpMethodRegisterResult.swift in Sources */,
				DAFDA3C91F699C11005AC320 /* VConnectingError.swift in Sources */,
				DA9751501F69940C00DBC757 /* MConnectingPin.swift in Sources */,
				DA8B7E241F579344004EEE23 /* ViewMain.swift in Sources */,
				DAFFC4BA1F68B74300F27ADD /* VConnectingLoading.swift in Sources */,
				DA57E3371F635F2F00B3EA73 /* PTPDelegate.swift in Sources */,
				DA7ABF791F6C02170092B797 /* MMenuItemHome.swift in Sources */,
				DA9751531F69944700DBC757 /* MConnectingStatus.swift in Sources */,
				DAF0A4DF1F6C8F8900E596E7 /* MConnectingSocketTcpMethodStandby.swift in Sources */,
				DABF34B31F68A896001CF436 /* ArchConnecting.swift in Sources */,
				DA9751451F69938A00DBC757 /* MConnectingStatusTimeout.swift in Sources */,
				DAD799281F57C085001D6A4C /* ArchConnect.swift in Sources */,
				DA9751511F69940C00DBC757 /* MConnectingTimer.swift in Sources */,
				DAD3A0CB1F6D0C0A00026CA9 /* MVitaConfigurationFactoryDevice.swift in Sources */,
				DAF8A53F1F57A0BE0078A383 /* VConnect.swift in Sources */,
				DA16C7091F5888CF0062D37A /* MMenuItemConnect.swift in Sources */,
				DA8B7E421F579369004EEE23 /* VToast.swift in Sources */,
				DA8B7E391F579369004EEE23 /* VBlur.swift in Sources */,
				DAF0A4E11F6C9A5900E596E7 /* MConnectingSocketTcpStrategies.swift in Sources */,
				DA4D19481F69F8CD0079EB70 /* MVitaConfiguration.swift in Sources */,
				DA04ABB81F65EA3D0077CA06 /* PTPDelegate2.swift in Sources */,
				DA8B7E3F1F579369004EEE23 /* VSlider.swift in Sources */,
				DA03CF881F6DEE16001AE828 /* MVitaLinkCommand.swift in Sources */,
				DA8B7E291F579344004EEE23 /* VMenu.swift in Sources */,
				DA8B7E001F579037004EEE23 /* ExtensionFileManager.swift in Sources */,
				DA4D194A1F69F9190079EB70 /* MVitaConfigurationFactory.swift in Sources */,
				DA57E3391F649BC100B3EA73 /* PTPDelegateWrite.swift in Sources */,
				DAF0A4DB1F6C8EE000E596E7 /* MConnectingSocketTcpMethodRegisterCancel.swift in Sources */,
				DA9751421F69938A00DBC757 /* MConnectingStatusLoading.swift in Sources */,
				DA8B7E3E1F579369004EEE23 /* VPushBackground.swift in Sources */,
				DA8B7E0E1F57929C004EEE23 /* AppDelegate.swift in Sources */,
				DA8B7DFC1F579037004EEE23 /* ExtensionURLResponse.swift in Sources */,
				DA9751471F69938A00DBC757 /* MConnectingActions.swift in Sources */,
				DA1A77621F683A1900947FD0 /* MConnectWalkWifi.swift in Sources */,
				DA97512B1F69730700DBC757 /* VConnectingTimeout.swift in Sources */,
				DA8B7E031F579037004EEE23 /* ExtensionDictionary.swift in Sources */,
				DA1A1BD51F67388F00E8B084 /* MConnectWalkProtocol.swift in Sources */,
				DAD5897D1F6C27050048D830 /* MConnectingSocketUdpFactory.swift in Sources */,
				DA8B7E011F579037004EEE23 /* ExtensionString.swift in Sources */,
				DA8B7DFB1F579037004EEE23 /* ExtensionUICollectionReusableView.swift in Sources */,
				DA03CF861F6DEB2D001AE828 /* MVitaLink.swift in Sources */,
				DA8B7DFD1F579037004EEE23 /* ExtensionNSLayoutConstraint.swift in Sources */,
				DAEE160E1F5795CA00D9F6DD /* MMenuItemProtocol.swift in Sources */,
				DA7ABF751F6C018B0092B797 /* CHome.swift in Sources */,
				DA8B7E411F579369004EEE23 /* VSpinner.swift in Sources */,
				DA8B7E051F579037004EEE23 /* ExtensionData.swift in Sources */,
				DA8B7E041F579037004EEE23 /* ExtensionNotification.swift in Sources */,
				DAD8578F1F6B4E7900728361 /* MConnectingSocketTcpDelegate.swift in Sources */,
				DA8B7E3C1F579369004EEE23 /* VCollectionFlow.swift in Sources */,
				DAD3A0C91F6D0B8F00026CA9 /* MVitaConfigurationDevice.swift in Sources */,
				DAFFC4B61F68B3F700F27ADD /* VConnectWalkCell.swift in Sources */,
				DA8B7E161F579309004EEE23 /* Model.swift in Sources */,
				DA8B7DFE1F579037004EEE23 /* ExtensionURL.swift in Sources */,
				DA8B7E061F579037004EEE23 /* ExtensionUIColor.swift in Sources */,
				DA8B7E3A1F579369004EEE23 /* VBorder.swift in Sources */,
				DA8B7E3D1F579369004EEE23 /* VGradient.swift in Sources */,
				DA8B7E2A1F579344004EEE23 /* VMenuCell.swift in Sources */,
				DAF0A4D11F6C8C3B00E596E7 /* MConnectingSocketTcpMethodTypeFactory.swift in Sources */,
				DA7ABF6A1F6BFB3C0092B797 /* DVelvetRoom.xcdatamodeld in Sources */,
				DA8B7E121F57929C004EEE23 /* ControllerParentOrientation.swift in Sources */,
				DA04ABB61F65D6AE0077CA06 /* PTPEventDelegate.swift in Sources */,
				DAD8578D1F6B4CFC00728361 /* MConnectingSocketUdpDelegate.swift in Sources */,
				DA8B7E101F57929C004EEE23 /* ControllerParent.swift in Sources */,
			);
			runOnlyForDeploymentPostprocessing = 0;
		};
/* End PBXSourcesBuildPhase section */

/* Begin PBXVariantGroup section */
		DA8B7DD01F578E7C004EEE23 /* LocalizableController.strings */ = {
			isa = PBXVariantGroup;
			children = (
				DA8B7DD11F578E7C004EEE23 /* en */,
			);
			name = LocalizableController.strings;
			sourceTree = "<group>";
		};
		DA8B7DD21F578E7C004EEE23 /* LocalizableModel.strings */ = {
			isa = PBXVariantGroup;
			children = (
				DA8B7DD31F578E7C004EEE23 /* en */,
			);
			name = LocalizableModel.strings;
			sourceTree = "<group>";
		};
		DA8B7DD41F578E7C004EEE23 /* LocalizableView.strings */ = {
			isa = PBXVariantGroup;
			children = (
				DA8B7DD51F578E7C004EEE23 /* en */,
			);
			name = LocalizableView.strings;
			sourceTree = "<group>";
		};
		DA8B7DE81F578F1A004EEE23 /* infoPlist.strings */ = {
			isa = PBXVariantGroup;
			children = (
				DA8B7DE91F578F1A004EEE23 /* en */,
			);
			name = infoPlist.strings;
			sourceTree = "<group>";
		};
/* End PBXVariantGroup section */

/* Begin XCBuildConfiguration section */
		DA27F71D1F5788E300CCDDDB /* Debug */ = {
			isa = XCBuildConfiguration;
			buildSettings = {
				ALWAYS_SEARCH_USER_PATHS = NO;
				CLANG_ANALYZER_NONNULL = YES;
				CLANG_ANALYZER_NUMBER_OBJECT_CONVERSION = YES_AGGRESSIVE;
				CLANG_CXX_LANGUAGE_STANDARD = "gnu++14";
				CLANG_CXX_LIBRARY = "libc++";
				CLANG_ENABLE_MODULES = YES;
				CLANG_ENABLE_OBJC_ARC = YES;
				CLANG_WARN_BLOCK_CAPTURE_AUTORELEASING = YES;
				CLANG_WARN_BOOL_CONVERSION = YES;
				CLANG_WARN_COMMA = YES;
				CLANG_WARN_CONSTANT_CONVERSION = YES;
				CLANG_WARN_DIRECT_OBJC_ISA_USAGE = YES_ERROR;
				CLANG_WARN_DOCUMENTATION_COMMENTS = YES;
				CLANG_WARN_EMPTY_BODY = YES;
				CLANG_WARN_ENUM_CONVERSION = YES;
				CLANG_WARN_INFINITE_RECURSION = YES;
				CLANG_WARN_INT_CONVERSION = YES;
				CLANG_WARN_NON_LITERAL_NULL_CONVERSION = YES;
				CLANG_WARN_OBJC_LITERAL_CONVERSION = YES;
				CLANG_WARN_OBJC_ROOT_CLASS = YES_ERROR;
				CLANG_WARN_RANGE_LOOP_ANALYSIS = YES;
				CLANG_WARN_STRICT_PROTOTYPES = YES;
				CLANG_WARN_SUSPICIOUS_MOVE = YES;
				CLANG_WARN_UNGUARDED_AVAILABILITY = YES_AGGRESSIVE;
				CLANG_WARN_UNREACHABLE_CODE = YES;
				CLANG_WARN__DUPLICATE_METHOD_MATCH = YES;
				CODE_SIGN_IDENTITY = "iPhone Developer";
				COPY_PHASE_STRIP = NO;
				DEBUG_INFORMATION_FORMAT = dwarf;
				ENABLE_STRICT_OBJC_MSGSEND = YES;
				ENABLE_TESTABILITY = YES;
				GCC_C_LANGUAGE_STANDARD = gnu11;
				GCC_DYNAMIC_NO_PIC = NO;
				GCC_NO_COMMON_BLOCKS = YES;
				GCC_OPTIMIZATION_LEVEL = 0;
				GCC_PREPROCESSOR_DEFINITIONS = (
					"DEBUG=1",
					"$(inherited)",
				);
				GCC_WARN_64_TO_32_BIT_CONVERSION = YES;
				GCC_WARN_ABOUT_RETURN_TYPE = YES_ERROR;
				GCC_WARN_UNDECLARED_SELECTOR = YES;
				GCC_WARN_UNINITIALIZED_AUTOS = YES_AGGRESSIVE;
				GCC_WARN_UNUSED_FUNCTION = YES;
				GCC_WARN_UNUSED_VARIABLE = YES;
				IPHONEOS_DEPLOYMENT_TARGET = 9.0;
				MTL_ENABLE_DEBUG_INFO = YES;
				ONLY_ACTIVE_ARCH = YES;
				SDKROOT = iphoneos;
				SWIFT_ACTIVE_COMPILATION_CONDITIONS = DEBUG;
				SWIFT_OPTIMIZATION_LEVEL = "-Onone";
			};
			name = Debug;
		};
		DA27F71E1F5788E300CCDDDB /* Release */ = {
			isa = XCBuildConfiguration;
			buildSettings = {
				ALWAYS_SEARCH_USER_PATHS = NO;
				CLANG_ANALYZER_NONNULL = YES;
				CLANG_ANALYZER_NUMBER_OBJECT_CONVERSION = YES_AGGRESSIVE;
				CLANG_CXX_LANGUAGE_STANDARD = "gnu++14";
				CLANG_CXX_LIBRARY = "libc++";
				CLANG_ENABLE_MODULES = YES;
				CLANG_ENABLE_OBJC_ARC = YES;
				CLANG_WARN_BLOCK_CAPTURE_AUTORELEASING = YES;
				CLANG_WARN_BOOL_CONVERSION = YES;
				CLANG_WARN_COMMA = YES;
				CLANG_WARN_CONSTANT_CONVERSION = YES;
				CLANG_WARN_DIRECT_OBJC_ISA_USAGE = YES_ERROR;
				CLANG_WARN_DOCUMENTATION_COMMENTS = YES;
				CLANG_WARN_EMPTY_BODY = YES;
				CLANG_WARN_ENUM_CONVERSION = YES;
				CLANG_WARN_INFINITE_RECURSION = YES;
				CLANG_WARN_INT_CONVERSION = YES;
				CLANG_WARN_NON_LITERAL_NULL_CONVERSION = YES;
				CLANG_WARN_OBJC_LITERAL_CONVERSION = YES;
				CLANG_WARN_OBJC_ROOT_CLASS = YES_ERROR;
				CLANG_WARN_RANGE_LOOP_ANALYSIS = YES;
				CLANG_WARN_STRICT_PROTOTYPES = YES;
				CLANG_WARN_SUSPICIOUS_MOVE = YES;
				CLANG_WARN_UNGUARDED_AVAILABILITY = YES_AGGRESSIVE;
				CLANG_WARN_UNREACHABLE_CODE = YES;
				CLANG_WARN__DUPLICATE_METHOD_MATCH = YES;
				CODE_SIGN_IDENTITY = "iPhone Developer";
				COPY_PHASE_STRIP = NO;
				DEBUG_INFORMATION_FORMAT = "dwarf-with-dsym";
				ENABLE_NS_ASSERTIONS = NO;
				ENABLE_STRICT_OBJC_MSGSEND = YES;
				GCC_C_LANGUAGE_STANDARD = gnu11;
				GCC_NO_COMMON_BLOCKS = YES;
				GCC_WARN_64_TO_32_BIT_CONVERSION = YES;
				GCC_WARN_ABOUT_RETURN_TYPE = YES_ERROR;
				GCC_WARN_UNDECLARED_SELECTOR = YES;
				GCC_WARN_UNINITIALIZED_AUTOS = YES_AGGRESSIVE;
				GCC_WARN_UNUSED_FUNCTION = YES;
				GCC_WARN_UNUSED_VARIABLE = YES;
				IPHONEOS_DEPLOYMENT_TARGET = 9.0;
				MTL_ENABLE_DEBUG_INFO = NO;
				SDKROOT = iphoneos;
				SWIFT_OPTIMIZATION_LEVEL = "-Owholemodule";
				VALIDATE_PRODUCT = YES;
			};
			name = Release;
		};
		DA27F7201F5788E300CCDDDB /* Debug */ = {
			isa = XCBuildConfiguration;
			baseConfigurationReference = E74F9EC63AF89F55551AC9BB /* Pods-velvetRoom.debug.xcconfig */;
			buildSettings = {
				ASSETCATALOG_COMPILER_APPICON_NAME = AppIcon;
				CLANG_ENABLE_MODULES = YES;
				CODE_SIGN_STYLE = Automatic;
				DEVELOPMENT_TEAM = 7AMWG3RLHN;
				INFOPLIST_FILE = "$(SRCROOT)/Info.plist";
				LD_RUNPATH_SEARCH_PATHS = "$(inherited) @executable_path/Frameworks";
				PRODUCT_BUNDLE_IDENTIFIER = iturbide.velvetRoom;
				PRODUCT_NAME = "$(TARGET_NAME)";
				SWIFT_OBJC_BRIDGING_HEADER = "Source/Controller/Abstract/velvetRoom-Bridging-Header.h";
				SWIFT_OPTIMIZATION_LEVEL = "-Onone";
				SWIFT_VERSION = 4.0;
				TARGETED_DEVICE_FAMILY = "1,2";
			};
			name = Debug;
		};
		DA27F7211F5788E300CCDDDB /* Release */ = {
			isa = XCBuildConfiguration;
			baseConfigurationReference = F83CD0193CB37551566B8FD1 /* Pods-velvetRoom.release.xcconfig */;
			buildSettings = {
				ASSETCATALOG_COMPILER_APPICON_NAME = AppIcon;
				CLANG_ENABLE_MODULES = YES;
				CODE_SIGN_STYLE = Automatic;
				DEVELOPMENT_TEAM = 7AMWG3RLHN;
				INFOPLIST_FILE = "$(SRCROOT)/Info.plist";
				LD_RUNPATH_SEARCH_PATHS = "$(inherited) @executable_path/Frameworks";
				PRODUCT_BUNDLE_IDENTIFIER = iturbide.velvetRoom;
				PRODUCT_NAME = "$(TARGET_NAME)";
				SWIFT_OBJC_BRIDGING_HEADER = "Source/Controller/Abstract/velvetRoom-Bridging-Header.h";
				SWIFT_VERSION = 4.0;
				TARGETED_DEVICE_FAMILY = "1,2";
			};
			name = Release;
		};
/* End XCBuildConfiguration section */

/* Begin XCConfigurationList section */
		DA27F7081F5788E300CCDDDB /* Build configuration list for PBXProject "velvetRoom" */ = {
			isa = XCConfigurationList;
			buildConfigurations = (
				DA27F71D1F5788E300CCDDDB /* Debug */,
				DA27F71E1F5788E300CCDDDB /* Release */,
			);
			defaultConfigurationIsVisible = 0;
			defaultConfigurationName = Release;
		};
		DA27F71F1F5788E300CCDDDB /* Build configuration list for PBXNativeTarget "velvetRoom" */ = {
			isa = XCConfigurationList;
			buildConfigurations = (
				DA27F7201F5788E300CCDDDB /* Debug */,
				DA27F7211F5788E300CCDDDB /* Release */,
			);
			defaultConfigurationIsVisible = 0;
			defaultConfigurationName = Release;
		};
/* End XCConfigurationList section */

/* Begin XCVersionGroup section */
		DA7ABF681F6BFB3C0092B797 /* DVelvetRoom.xcdatamodeld */ = {
			isa = XCVersionGroup;
			children = (
				DA7ABF691F6BFB3C0092B797 /* DVelvetRoom.xcdatamodel */,
			);
			currentVersion = DA7ABF691F6BFB3C0092B797 /* DVelvetRoom.xcdatamodel */;
			path = DVelvetRoom.xcdatamodeld;
			sourceTree = "<group>";
			versionGroupType = wrapper.xcdatamodel;
		};
/* End XCVersionGroup section */
	};
	rootObject = DA27F7051F5788E300CCDDDB /* Project object */;
}
